// !$*UTF8*$!
{
	archiveVersion = 1;
	classes = {
	};
	objectVersion = 46;
	objects = {

/* Begin PBXBuildFile section */
		782B81DB1CC537D1005E30BC /* ImageMetadata.swift in Sources */ = {isa = PBXBuildFile; fileRef = 782B81DA1CC537D1005E30BC /* ImageMetadata.swift */; };
		782B81DD1CC53C0F005E30BC /* ImageIO.framework in Frameworks */ = {isa = PBXBuildFile; fileRef = 782B81DC1CC53C0F005E30BC /* ImageIO.framework */; };
		787396671C84C2BB005F5E4B /* GridLayout.swift in Sources */ = {isa = PBXBuildFile; fileRef = 787396661C84C2BB005F5E4B /* GridLayout.swift */; };
		787396691C84CB73005F5E4B /* FilterGridView.swift in Sources */ = {isa = PBXBuildFile; fileRef = 787396681C84CB72005F5E4B /* FilterGridView.swift */; };
		7881D5941C78EDC9000255F9 /* InfoViewController.swift in Sources */ = {isa = PBXBuildFile; fileRef = 7881D5931C78EDC9000255F9 /* InfoViewController.swift */; };
		7881D5961C78F7C4000255F9 /* ImageViewController.swift in Sources */ = {isa = PBXBuildFile; fileRef = 7881D5951C78F7C4000255F9 /* ImageViewController.swift */; };
		78982FC81CC92295004B7703 /* Splash.storyboard in Resources */ = {isa = PBXBuildFile; fileRef = 78982FC71CC92295004B7703 /* Splash.storyboard */; };
		78982FCA1CC924C2004B7703 /* sample-bg.png in Resources */ = {isa = PBXBuildFile; fileRef = 78982FC91CC924C2004B7703 /* sample-bg.png */; };
		78982FCC1CC9377B004B7703 /* Launch.storyboard in Resources */ = {isa = PBXBuildFile; fileRef = 78982FCB1CC9377B004B7703 /* Launch.storyboard */; };
		78982FCE1CC93E6F004B7703 /* Image.storyboard in Resources */ = {isa = PBXBuildFile; fileRef = 78982FCD1CC93E6F004B7703 /* Image.storyboard */; };
		78A3DF761C7E0CE000C757BD /* Settings.bundle in Resources */ = {isa = PBXBuildFile; fileRef = 78A3DF751C7E0CE000C757BD /* Settings.bundle */; };
		78B6A24E1C76780500AE58F7 /* AppDelegate.swift in Sources */ = {isa = PBXBuildFile; fileRef = 78B6A24D1C76780500AE58F7 /* AppDelegate.swift */; };
		78B6A2501C76780500AE58F7 /* SplashViewController.swift in Sources */ = {isa = PBXBuildFile; fileRef = 78B6A24F1C76780500AE58F7 /* SplashViewController.swift */; };
		78B6A2531C76780500AE58F7 /* Main.storyboard in Resources */ = {isa = PBXBuildFile; fileRef = 78B6A2511C76780500AE58F7 /* Main.storyboard */; };
		78B6A2551C76780500AE58F7 /* Assets.xcassets in Resources */ = {isa = PBXBuildFile; fileRef = 78B6A2541C76780500AE58F7 /* Assets.xcassets */; };
		78C0150C1C7B9165009C382C /* Renderer.m in Sources */ = {isa = PBXBuildFile; fileRef = 78C0150B1C7B9165009C382C /* Renderer.m */; };
		78C0150F1C7B91F4009C382C /* Utilities.m in Sources */ = {isa = PBXBuildFile; fileRef = 78C0150E1C7B91F4009C382C /* Utilities.m */; };
		78C015141C7BACF2009C382C /* Plugin_Render.mm in Sources */ = {isa = PBXBuildFile; fileRef = 78C015121C7BACF2009C382C /* Plugin_Render.mm */; };
		78C0151F1C7BB739009C382C /* mojoViewController.mm in Sources */ = {isa = PBXBuildFile; fileRef = 78C0151D1C7BB739009C382C /* mojoViewController.mm */; };
		78C015221C7BB7FA009C382C /* FileCache.m in Sources */ = {isa = PBXBuildFile; fileRef = 78C015211C7BB7FA009C382C /* FileCache.m */; };
		78C015251C7BBB0B009C382C /* mojoAppDelegate.m in Sources */ = {isa = PBXBuildFile; fileRef = 78C015241C7BBB0B009C382C /* mojoAppDelegate.m */; };
		78E2E6B31C7B780300B5A91A /* NavigationController.swift in Sources */ = {isa = PBXBuildFile; fileRef = 78E2E6B21C7B780300B5A91A /* NavigationController.swift */; };
		78E2E6B51C7B7C1100B5A91A /* Style.swift in Sources */ = {isa = PBXBuildFile; fileRef = 78E2E6B41C7B7C1100B5A91A /* Style.swift */; };
		78E2E72E1C7B7FA200B5A91A /* border_1200x1600px.png in Resources */ = {isa = PBXBuildFile; fileRef = 78E2E6B71C7B7FA200B5A91A /* border_1200x1600px.png */; };
		78E2E72F1C7B7FA200B5A91A /* border_1536x2048px.png in Resources */ = {isa = PBXBuildFile; fileRef = 78E2E6B81C7B7FA200B5A91A /* border_1536x2048px.png */; };
		78E2E7301C7B7FA200B5A91A /* border_1600x1200px.png in Resources */ = {isa = PBXBuildFile; fileRef = 78E2E6B91C7B7FA200B5A91A /* border_1600x1200px.png */; };
		78E2E7311C7B7FA200B5A91A /* border_2048x1536px.png in Resources */ = {isa = PBXBuildFile; fileRef = 78E2E6BA1C7B7FA200B5A91A /* border_2048x1536px.png */; };
		78E2E7321C7B7FA200B5A91A /* border_600x800px.png in Resources */ = {isa = PBXBuildFile; fileRef = 78E2E6BB1C7B7FA200B5A91A /* border_600x800px.png */; };
		78E2E7331C7B7FA200B5A91A /* border_800x600px.png in Resources */ = {isa = PBXBuildFile; fileRef = 78E2E6BC1C7B7FA200B5A91A /* border_800x600px.png */; };
		78E2E7341C7B7FA200B5A91A /* flexBorders_00_bp1_edge_00000.png in Resources */ = {isa = PBXBuildFile; fileRef = 78E2E6BD1C7B7FA200B5A91A /* flexBorders_00_bp1_edge_00000.png */; };
		78E2E7351C7B7FA200B5A91A /* flexBorders_00_bp1_edge_00001.png in Resources */ = {isa = PBXBuildFile; fileRef = 78E2E6BE1C7B7FA200B5A91A /* flexBorders_00_bp1_edge_00001.png */; };
		78E2E7361C7B7FA200B5A91A /* flexBorders_00_bp1_edge_00002.png in Resources */ = {isa = PBXBuildFile; fileRef = 78E2E6BF1C7B7FA200B5A91A /* flexBorders_00_bp1_edge_00002.png */; };
		78E2E7371C7B7FA200B5A91A /* flexBorders_00_bp1_edge_00003.png in Resources */ = {isa = PBXBuildFile; fileRef = 78E2E6C01C7B7FA200B5A91A /* flexBorders_00_bp1_edge_00003.png */; };
		78E2E7381C7B7FA200B5A91A /* flexBorders_00_bp1_edge_00004.png in Resources */ = {isa = PBXBuildFile; fileRef = 78E2E6C11C7B7FA200B5A91A /* flexBorders_00_bp1_edge_00004.png */; };
		78E2E7391C7B7FA200B5A91A /* flexBorders_00_bp1_edge_00005.png in Resources */ = {isa = PBXBuildFile; fileRef = 78E2E6C21C7B7FA200B5A91A /* flexBorders_00_bp1_edge_00005.png */; };
		78E2E73A1C7B7FA200B5A91A /* flexBorders_00_bp1_edge_00006.png in Resources */ = {isa = PBXBuildFile; fileRef = 78E2E6C31C7B7FA200B5A91A /* flexBorders_00_bp1_edge_00006.png */; };
		78E2E73B1C7B7FA200B5A91A /* flexBorders_00_bp1_edge_00007.png in Resources */ = {isa = PBXBuildFile; fileRef = 78E2E6C41C7B7FA200B5A91A /* flexBorders_00_bp1_edge_00007.png */; };
		78E2E73C1C7B7FA200B5A91A /* flexBorders_00_bp1_edge_00008.png in Resources */ = {isa = PBXBuildFile; fileRef = 78E2E6C51C7B7FA200B5A91A /* flexBorders_00_bp1_edge_00008.png */; };
		78E2E73D1C7B7FA200B5A91A /* flexBorders_00_bp1_edge_00009.png in Resources */ = {isa = PBXBuildFile; fileRef = 78E2E6C61C7B7FA200B5A91A /* flexBorders_00_bp1_edge_00009.png */; };
		78E2E73E1C7B7FA200B5A91A /* flexBorders_00_smooth_edge_00000.png in Resources */ = {isa = PBXBuildFile; fileRef = 78E2E6C71C7B7FA200B5A91A /* flexBorders_00_smooth_edge_00000.png */; };
		78E2E73F1C7B7FA200B5A91A /* flexBorders_00_smooth_edge_00001.png in Resources */ = {isa = PBXBuildFile; fileRef = 78E2E6C81C7B7FA200B5A91A /* flexBorders_00_smooth_edge_00001.png */; };
		78E2E7401C7B7FA200B5A91A /* flexBorders_00_smooth_edge_00002.png in Resources */ = {isa = PBXBuildFile; fileRef = 78E2E6C91C7B7FA200B5A91A /* flexBorders_00_smooth_edge_00002.png */; };
		78E2E7411C7B7FA200B5A91A /* flexBorders_00_smooth_edge_00003.png in Resources */ = {isa = PBXBuildFile; fileRef = 78E2E6CA1C7B7FA200B5A91A /* flexBorders_00_smooth_edge_00003.png */; };
		78E2E7421C7B7FA200B5A91A /* flexBorders_00_smooth_edge_00004.png in Resources */ = {isa = PBXBuildFile; fileRef = 78E2E6CB1C7B7FA200B5A91A /* flexBorders_00_smooth_edge_00004.png */; };
		78E2E7431C7B7FA200B5A91A /* flexBorders_00_smooth_edge_00005.png in Resources */ = {isa = PBXBuildFile; fileRef = 78E2E6CC1C7B7FA200B5A91A /* flexBorders_00_smooth_edge_00005.png */; };
		78E2E7441C7B7FA200B5A91A /* flexBorders_00_smooth_edge_00006.png in Resources */ = {isa = PBXBuildFile; fileRef = 78E2E6CD1C7B7FA200B5A91A /* flexBorders_00_smooth_edge_00006.png */; };
		78E2E7451C7B7FA200B5A91A /* flexBorders_00_smooth_edge_00007.png in Resources */ = {isa = PBXBuildFile; fileRef = 78E2E6CE1C7B7FA200B5A91A /* flexBorders_00_smooth_edge_00007.png */; };
		78E2E7461C7B7FA200B5A91A /* flexBorders_00_smooth_edge_00008.png in Resources */ = {isa = PBXBuildFile; fileRef = 78E2E6CF1C7B7FA200B5A91A /* flexBorders_00_smooth_edge_00008.png */; };
		78E2E7471C7B7FA200B5A91A /* flexBorders_00_smooth_edge_00009.png in Resources */ = {isa = PBXBuildFile; fileRef = 78E2E6D01C7B7FA200B5A91A /* flexBorders_00_smooth_edge_00009.png */; };
		78E2E7481C7B7FA200B5A91A /* flexBorders_00_soft_edge_00000.png in Resources */ = {isa = PBXBuildFile; fileRef = 78E2E6D11C7B7FA200B5A91A /* flexBorders_00_soft_edge_00000.png */; };
		78E2E7491C7B7FA200B5A91A /* flexBorders_00_soft_edge_00001.png in Resources */ = {isa = PBXBuildFile; fileRef = 78E2E6D21C7B7FA200B5A91A /* flexBorders_00_soft_edge_00001.png */; };
		78E2E74A1C7B7FA200B5A91A /* flexBorders_00_soft_edge_00002.png in Resources */ = {isa = PBXBuildFile; fileRef = 78E2E6D31C7B7FA200B5A91A /* flexBorders_00_soft_edge_00002.png */; };
		78E2E74B1C7B7FA200B5A91A /* flexBorders_00_soft_edge_00003.png in Resources */ = {isa = PBXBuildFile; fileRef = 78E2E6D41C7B7FA200B5A91A /* flexBorders_00_soft_edge_00003.png */; };
		78E2E74C1C7B7FA200B5A91A /* flexBorders_00_soft_edge_00004.png in Resources */ = {isa = PBXBuildFile; fileRef = 78E2E6D51C7B7FA200B5A91A /* flexBorders_00_soft_edge_00004.png */; };
		78E2E74D1C7B7FA200B5A91A /* flexBorders_00_soft_edge_00005.png in Resources */ = {isa = PBXBuildFile; fileRef = 78E2E6D61C7B7FA200B5A91A /* flexBorders_00_soft_edge_00005.png */; };
		78E2E74E1C7B7FA200B5A91A /* flexBorders_00_soft_edge_00006.png in Resources */ = {isa = PBXBuildFile; fileRef = 78E2E6D71C7B7FA200B5A91A /* flexBorders_00_soft_edge_00006.png */; };
		78E2E74F1C7B7FA200B5A91A /* flexBorders_00_soft_edge_00007.png in Resources */ = {isa = PBXBuildFile; fileRef = 78E2E6D81C7B7FA200B5A91A /* flexBorders_00_soft_edge_00007.png */; };
		78E2E7501C7B7FA200B5A91A /* flexBorders_00_soft_edge_00008.png in Resources */ = {isa = PBXBuildFile; fileRef = 78E2E6D91C7B7FA200B5A91A /* flexBorders_00_soft_edge_00008.png */; };
		78E2E7511C7B7FA200B5A91A /* flexBorders_00_soft_edge_00009.png in Resources */ = {isa = PBXBuildFile; fileRef = 78E2E6DA1C7B7FA200B5A91A /* flexBorders_00_soft_edge_00009.png */; };
		78E2E7521C7B7FA200B5A91A /* flexBorders_01_bp1_edge_00000.png in Resources */ = {isa = PBXBuildFile; fileRef = 78E2E6DB1C7B7FA200B5A91A /* flexBorders_01_bp1_edge_00000.png */; };
		78E2E7531C7B7FA200B5A91A /* flexBorders_01_bp1_edge_00001.png in Resources */ = {isa = PBXBuildFile; fileRef = 78E2E6DC1C7B7FA200B5A91A /* flexBorders_01_bp1_edge_00001.png */; };
		78E2E7541C7B7FA200B5A91A /* flexBorders_01_bp1_edge_00002.png in Resources */ = {isa = PBXBuildFile; fileRef = 78E2E6DD1C7B7FA200B5A91A /* flexBorders_01_bp1_edge_00002.png */; };
		78E2E7551C7B7FA200B5A91A /* flexBorders_01_bp1_edge_00003.png in Resources */ = {isa = PBXBuildFile; fileRef = 78E2E6DE1C7B7FA200B5A91A /* flexBorders_01_bp1_edge_00003.png */; };
		78E2E7561C7B7FA200B5A91A /* flexBorders_01_bp1_edge_00004.png in Resources */ = {isa = PBXBuildFile; fileRef = 78E2E6DF1C7B7FA200B5A91A /* flexBorders_01_bp1_edge_00004.png */; };
		78E2E7571C7B7FA200B5A91A /* flexBorders_01_bp1_edge_00005.png in Resources */ = {isa = PBXBuildFile; fileRef = 78E2E6E01C7B7FA200B5A91A /* flexBorders_01_bp1_edge_00005.png */; };
		78E2E7581C7B7FA200B5A91A /* flexBorders_01_bp1_edge_00006.png in Resources */ = {isa = PBXBuildFile; fileRef = 78E2E6E11C7B7FA200B5A91A /* flexBorders_01_bp1_edge_00006.png */; };
		78E2E7591C7B7FA200B5A91A /* flexBorders_01_bp1_edge_00007.png in Resources */ = {isa = PBXBuildFile; fileRef = 78E2E6E21C7B7FA200B5A91A /* flexBorders_01_bp1_edge_00007.png */; };
		78E2E75A1C7B7FA200B5A91A /* flexBorders_01_bp1_edge_00008.png in Resources */ = {isa = PBXBuildFile; fileRef = 78E2E6E31C7B7FA200B5A91A /* flexBorders_01_bp1_edge_00008.png */; };
		78E2E75B1C7B7FA200B5A91A /* flexBorders_01_bp1_edge_00009.png in Resources */ = {isa = PBXBuildFile; fileRef = 78E2E6E41C7B7FA200B5A91A /* flexBorders_01_bp1_edge_00009.png */; };
		78E2E75C1C7B7FA200B5A91A /* flexBorders_01_smooth_edge_00000.png in Resources */ = {isa = PBXBuildFile; fileRef = 78E2E6E51C7B7FA200B5A91A /* flexBorders_01_smooth_edge_00000.png */; };
		78E2E75D1C7B7FA200B5A91A /* flexBorders_01_smooth_edge_00001.png in Resources */ = {isa = PBXBuildFile; fileRef = 78E2E6E61C7B7FA200B5A91A /* flexBorders_01_smooth_edge_00001.png */; };
		78E2E75E1C7B7FA200B5A91A /* flexBorders_01_smooth_edge_00002.png in Resources */ = {isa = PBXBuildFile; fileRef = 78E2E6E71C7B7FA200B5A91A /* flexBorders_01_smooth_edge_00002.png */; };
		78E2E75F1C7B7FA200B5A91A /* flexBorders_01_smooth_edge_00003.png in Resources */ = {isa = PBXBuildFile; fileRef = 78E2E6E81C7B7FA200B5A91A /* flexBorders_01_smooth_edge_00003.png */; };
		78E2E7601C7B7FA200B5A91A /* flexBorders_01_smooth_edge_00004.png in Resources */ = {isa = PBXBuildFile; fileRef = 78E2E6E91C7B7FA200B5A91A /* flexBorders_01_smooth_edge_00004.png */; };
		78E2E7611C7B7FA200B5A91A /* flexBorders_01_smooth_edge_00005.png in Resources */ = {isa = PBXBuildFile; fileRef = 78E2E6EA1C7B7FA200B5A91A /* flexBorders_01_smooth_edge_00005.png */; };
		78E2E7621C7B7FA200B5A91A /* flexBorders_01_smooth_edge_00006.png in Resources */ = {isa = PBXBuildFile; fileRef = 78E2E6EB1C7B7FA200B5A91A /* flexBorders_01_smooth_edge_00006.png */; };
		78E2E7631C7B7FA200B5A91A /* flexBorders_01_smooth_edge_00007.png in Resources */ = {isa = PBXBuildFile; fileRef = 78E2E6EC1C7B7FA200B5A91A /* flexBorders_01_smooth_edge_00007.png */; };
		78E2E7641C7B7FA200B5A91A /* flexBorders_01_smooth_edge_00008.png in Resources */ = {isa = PBXBuildFile; fileRef = 78E2E6ED1C7B7FA200B5A91A /* flexBorders_01_smooth_edge_00008.png */; };
		78E2E7651C7B7FA200B5A91A /* flexBorders_01_smooth_edge_00009.png in Resources */ = {isa = PBXBuildFile; fileRef = 78E2E6EE1C7B7FA200B5A91A /* flexBorders_01_smooth_edge_00009.png */; };
		78E2E7661C7B7FA200B5A91A /* flexBorders_01_soft_edge_00000.png in Resources */ = {isa = PBXBuildFile; fileRef = 78E2E6EF1C7B7FA200B5A91A /* flexBorders_01_soft_edge_00000.png */; };
		78E2E7671C7B7FA200B5A91A /* flexBorders_01_soft_edge_00001.png in Resources */ = {isa = PBXBuildFile; fileRef = 78E2E6F01C7B7FA200B5A91A /* flexBorders_01_soft_edge_00001.png */; };
		78E2E7681C7B7FA200B5A91A /* flexBorders_01_soft_edge_00002.png in Resources */ = {isa = PBXBuildFile; fileRef = 78E2E6F11C7B7FA200B5A91A /* flexBorders_01_soft_edge_00002.png */; };
		78E2E7691C7B7FA200B5A91A /* flexBorders_01_soft_edge_00003.png in Resources */ = {isa = PBXBuildFile; fileRef = 78E2E6F21C7B7FA200B5A91A /* flexBorders_01_soft_edge_00003.png */; };
		78E2E76A1C7B7FA200B5A91A /* flexBorders_01_soft_edge_00004.png in Resources */ = {isa = PBXBuildFile; fileRef = 78E2E6F31C7B7FA200B5A91A /* flexBorders_01_soft_edge_00004.png */; };
		78E2E76B1C7B7FA200B5A91A /* flexBorders_01_soft_edge_00005.png in Resources */ = {isa = PBXBuildFile; fileRef = 78E2E6F41C7B7FA200B5A91A /* flexBorders_01_soft_edge_00005.png */; };
		78E2E76C1C7B7FA200B5A91A /* flexBorders_01_soft_edge_00006.png in Resources */ = {isa = PBXBuildFile; fileRef = 78E2E6F51C7B7FA200B5A91A /* flexBorders_01_soft_edge_00006.png */; };
		78E2E76D1C7B7FA200B5A91A /* flexBorders_01_soft_edge_00007.png in Resources */ = {isa = PBXBuildFile; fileRef = 78E2E6F61C7B7FA200B5A91A /* flexBorders_01_soft_edge_00007.png */; };
		78E2E76E1C7B7FA200B5A91A /* flexBorders_01_soft_edge_00008.png in Resources */ = {isa = PBXBuildFile; fileRef = 78E2E6F71C7B7FA200B5A91A /* flexBorders_01_soft_edge_00008.png */; };
		78E2E76F1C7B7FA200B5A91A /* flexBorders_01_soft_edge_00009.png in Resources */ = {isa = PBXBuildFile; fileRef = 78E2E6F81C7B7FA200B5A91A /* flexBorders_01_soft_edge_00009.png */; };
		78E2E7701C7B7FA200B5A91A /* flexBorders_02_bp1_edge_00000.png in Resources */ = {isa = PBXBuildFile; fileRef = 78E2E6F91C7B7FA200B5A91A /* flexBorders_02_bp1_edge_00000.png */; };
		78E2E7711C7B7FA200B5A91A /* flexBorders_02_bp1_edge_00001.png in Resources */ = {isa = PBXBuildFile; fileRef = 78E2E6FA1C7B7FA200B5A91A /* flexBorders_02_bp1_edge_00001.png */; };
		78E2E7721C7B7FA200B5A91A /* flexBorders_02_bp1_edge_00002.png in Resources */ = {isa = PBXBuildFile; fileRef = 78E2E6FB1C7B7FA200B5A91A /* flexBorders_02_bp1_edge_00002.png */; };
		78E2E7731C7B7FA200B5A91A /* flexBorders_02_bp1_edge_00003.png in Resources */ = {isa = PBXBuildFile; fileRef = 78E2E6FC1C7B7FA200B5A91A /* flexBorders_02_bp1_edge_00003.png */; };
		78E2E7741C7B7FA200B5A91A /* flexBorders_02_bp1_edge_00004.png in Resources */ = {isa = PBXBuildFile; fileRef = 78E2E6FD1C7B7FA200B5A91A /* flexBorders_02_bp1_edge_00004.png */; };
		78E2E7751C7B7FA200B5A91A /* flexBorders_02_bp1_edge_00005.png in Resources */ = {isa = PBXBuildFile; fileRef = 78E2E6FE1C7B7FA200B5A91A /* flexBorders_02_bp1_edge_00005.png */; };
		78E2E7761C7B7FA200B5A91A /* flexBorders_02_bp1_edge_00006.png in Resources */ = {isa = PBXBuildFile; fileRef = 78E2E6FF1C7B7FA200B5A91A /* flexBorders_02_bp1_edge_00006.png */; };
		78E2E7771C7B7FA200B5A91A /* flexBorders_02_bp1_edge_00007.png in Resources */ = {isa = PBXBuildFile; fileRef = 78E2E7001C7B7FA200B5A91A /* flexBorders_02_bp1_edge_00007.png */; };
		78E2E7781C7B7FA200B5A91A /* flexBorders_02_bp1_edge_00008.png in Resources */ = {isa = PBXBuildFile; fileRef = 78E2E7011C7B7FA200B5A91A /* flexBorders_02_bp1_edge_00008.png */; };
		78E2E7791C7B7FA200B5A91A /* flexBorders_02_bp1_edge_00009.png in Resources */ = {isa = PBXBuildFile; fileRef = 78E2E7021C7B7FA200B5A91A /* flexBorders_02_bp1_edge_00009.png */; };
		78E2E77A1C7B7FA200B5A91A /* flexBorders_02_smooth_edge_00000.png in Resources */ = {isa = PBXBuildFile; fileRef = 78E2E7031C7B7FA200B5A91A /* flexBorders_02_smooth_edge_00000.png */; };
		78E2E77B1C7B7FA200B5A91A /* flexBorders_02_smooth_edge_00001.png in Resources */ = {isa = PBXBuildFile; fileRef = 78E2E7041C7B7FA200B5A91A /* flexBorders_02_smooth_edge_00001.png */; };
		78E2E77C1C7B7FA200B5A91A /* flexBorders_02_smooth_edge_00002.png in Resources */ = {isa = PBXBuildFile; fileRef = 78E2E7051C7B7FA200B5A91A /* flexBorders_02_smooth_edge_00002.png */; };
		78E2E77D1C7B7FA200B5A91A /* flexBorders_02_smooth_edge_00003.png in Resources */ = {isa = PBXBuildFile; fileRef = 78E2E7061C7B7FA200B5A91A /* flexBorders_02_smooth_edge_00003.png */; };
		78E2E77E1C7B7FA200B5A91A /* flexBorders_02_smooth_edge_00004.png in Resources */ = {isa = PBXBuildFile; fileRef = 78E2E7071C7B7FA200B5A91A /* flexBorders_02_smooth_edge_00004.png */; };
		78E2E77F1C7B7FA200B5A91A /* flexBorders_02_smooth_edge_00005.png in Resources */ = {isa = PBXBuildFile; fileRef = 78E2E7081C7B7FA200B5A91A /* flexBorders_02_smooth_edge_00005.png */; };
		78E2E7801C7B7FA200B5A91A /* flexBorders_02_smooth_edge_00006.png in Resources */ = {isa = PBXBuildFile; fileRef = 78E2E7091C7B7FA200B5A91A /* flexBorders_02_smooth_edge_00006.png */; };
		78E2E7811C7B7FA200B5A91A /* flexBorders_02_smooth_edge_00007.png in Resources */ = {isa = PBXBuildFile; fileRef = 78E2E70A1C7B7FA200B5A91A /* flexBorders_02_smooth_edge_00007.png */; };
		78E2E7821C7B7FA200B5A91A /* flexBorders_02_smooth_edge_00008.png in Resources */ = {isa = PBXBuildFile; fileRef = 78E2E70B1C7B7FA200B5A91A /* flexBorders_02_smooth_edge_00008.png */; };
		78E2E7831C7B7FA200B5A91A /* flexBorders_02_smooth_edge_00009.png in Resources */ = {isa = PBXBuildFile; fileRef = 78E2E70C1C7B7FA200B5A91A /* flexBorders_02_smooth_edge_00009.png */; };
		78E2E7841C7B7FA200B5A91A /* flexBorders_02_soft_edge_00000.png in Resources */ = {isa = PBXBuildFile; fileRef = 78E2E70D1C7B7FA200B5A91A /* flexBorders_02_soft_edge_00000.png */; };
		78E2E7851C7B7FA200B5A91A /* flexBorders_02_soft_edge_00001.png in Resources */ = {isa = PBXBuildFile; fileRef = 78E2E70E1C7B7FA200B5A91A /* flexBorders_02_soft_edge_00001.png */; };
		78E2E7861C7B7FA200B5A91A /* flexBorders_02_soft_edge_00002.png in Resources */ = {isa = PBXBuildFile; fileRef = 78E2E70F1C7B7FA200B5A91A /* flexBorders_02_soft_edge_00002.png */; };
		78E2E7871C7B7FA200B5A91A /* flexBorders_02_soft_edge_00003.png in Resources */ = {isa = PBXBuildFile; fileRef = 78E2E7101C7B7FA200B5A91A /* flexBorders_02_soft_edge_00003.png */; };
		78E2E7881C7B7FA200B5A91A /* flexBorders_02_soft_edge_00004.png in Resources */ = {isa = PBXBuildFile; fileRef = 78E2E7111C7B7FA200B5A91A /* flexBorders_02_soft_edge_00004.png */; };
		78E2E7891C7B7FA200B5A91A /* flexBorders_02_soft_edge_00005.png in Resources */ = {isa = PBXBuildFile; fileRef = 78E2E7121C7B7FA200B5A91A /* flexBorders_02_soft_edge_00005.png */; };
		78E2E78A1C7B7FA200B5A91A /* flexBorders_02_soft_edge_00006.png in Resources */ = {isa = PBXBuildFile; fileRef = 78E2E7131C7B7FA200B5A91A /* flexBorders_02_soft_edge_00006.png */; };
		78E2E78B1C7B7FA200B5A91A /* flexBorders_02_soft_edge_00007.png in Resources */ = {isa = PBXBuildFile; fileRef = 78E2E7141C7B7FA200B5A91A /* flexBorders_02_soft_edge_00007.png */; };
		78E2E78C1C7B7FA200B5A91A /* flexBorders_02_soft_edge_00008.png in Resources */ = {isa = PBXBuildFile; fileRef = 78E2E7151C7B7FA200B5A91A /* flexBorders_02_soft_edge_00008.png */; };
		78E2E78D1C7B7FA200B5A91A /* flexBorders_02_soft_edge_00009.png in Resources */ = {isa = PBXBuildFile; fileRef = 78E2E7161C7B7FA200B5A91A /* flexBorders_02_soft_edge_00009.png */; };
		78E2E78E1C7B7FA200B5A91A /* iPhone4uncontrastLUT.png in Resources */ = {isa = PBXBuildFile; fileRef = 78E2E7171C7B7FA200B5A91A /* iPhone4uncontrastLUT.png */; };
		78E2E78F1C7B7FA200B5A91A /* leaks_1200x6000px.png in Resources */ = {isa = PBXBuildFile; fileRef = 78E2E7181C7B7FA200B5A91A /* leaks_1200x6000px.png */; };
		78E2E7901C7B7FA200B5A91A /* leaks_1200x6000px_old.png in Resources */ = {isa = PBXBuildFile; fileRef = 78E2E7191C7B7FA200B5A91A /* leaks_1200x6000px_old.png */; };
		78E2E7911C7B7FA200B5A91A /* leaks_210x1050px.png in Resources */ = {isa = PBXBuildFile; fileRef = 78E2E71A1C7B7FA200B5A91A /* leaks_210x1050px.png */; };
		78E2E7921C7B7FA200B5A91A /* leaks_210x1050px_old.png in Resources */ = {isa = PBXBuildFile; fileRef = 78E2E71B1C7B7FA200B5A91A /* leaks_210x1050px_old.png */; };
		78E2E7931C7B7FA200B5A91A /* leaks_420x2100px.png in Resources */ = {isa = PBXBuildFile; fileRef = 78E2E71C1C7B7FA200B5A91A /* leaks_420x2100px.png */; };
		78E2E7941C7B7FA200B5A91A /* leaks_420x2100px_old.png in Resources */ = {isa = PBXBuildFile; fileRef = 78E2E71D1C7B7FA200B5A91A /* leaks_420x2100px_old.png */; };
		78E2E7951C7B7FA200B5A91A /* sqrVignette_1152x864px.png in Resources */ = {isa = PBXBuildFile; fileRef = 78E2E71E1C7B7FA200B5A91A /* sqrVignette_1152x864px.png */; };
		78E2E7961C7B7FA200B5A91A /* sqrVignette_1728x2304px.png in Resources */ = {isa = PBXBuildFile; fileRef = 78E2E71F1C7B7FA200B5A91A /* sqrVignette_1728x2304px.png */; };
		78E2E7971C7B7FA200B5A91A /* sqrVignette_2304x1728px.png in Resources */ = {isa = PBXBuildFile; fileRef = 78E2E7201C7B7FA200B5A91A /* sqrVignette_2304x1728px.png */; };
		78E2E7981C7B7FA200B5A91A /* sqrVignette_3000x4000px.png in Resources */ = {isa = PBXBuildFile; fileRef = 78E2E7211C7B7FA200B5A91A /* sqrVignette_3000x4000px.png */; };
		78E2E7991C7B7FA200B5A91A /* sqrVignette_338x450px.png in Resources */ = {isa = PBXBuildFile; fileRef = 78E2E7221C7B7FA200B5A91A /* sqrVignette_338x450px.png */; };
		78E2E79A1C7B7FA200B5A91A /* sqrVignette_4000x3000px.png in Resources */ = {isa = PBXBuildFile; fileRef = 78E2E7231C7B7FA200B5A91A /* sqrVignette_4000x3000px.png */; };
		78E2E79B1C7B7FA200B5A91A /* sqrVignette_450x338px.png in Resources */ = {isa = PBXBuildFile; fileRef = 78E2E7241C7B7FA200B5A91A /* sqrVignette_450x338px.png */; };
		78E2E79C1C7B7FA200B5A91A /* sqrVignette_864x1152px.png in Resources */ = {isa = PBXBuildFile; fileRef = 78E2E7251C7B7FA200B5A91A /* sqrVignette_864x1152px.png */; };
		78E2E79D1C7B7FA200B5A91A /* sqrVignetteBody_450x80px.png in Resources */ = {isa = PBXBuildFile; fileRef = 78E2E7261C7B7FA200B5A91A /* sqrVignetteBody_450x80px.png */; };
		78E2E79E1C7B7FA200B5A91A /* sqrVignetteSide_450x80px.png in Resources */ = {isa = PBXBuildFile; fileRef = 78E2E7271C7B7FA200B5A91A /* sqrVignetteSide_450x80px.png */; };
		78E2E79F1C7B7FA200B5A91A /* vigArt_100x75px.png in Resources */ = {isa = PBXBuildFile; fileRef = 78E2E7281C7B7FA200B5A91A /* vigArt_100x75px.png */; };
		78E2E7A01C7B7FA200B5A91A /* vigArt_150x200px.png in Resources */ = {isa = PBXBuildFile; fileRef = 78E2E7291C7B7FA200B5A91A /* vigArt_150x200px.png */; };
		78E2E7A11C7B7FA200B5A91A /* vigArt_200x150px.png in Resources */ = {isa = PBXBuildFile; fileRef = 78E2E72A1C7B7FA200B5A91A /* vigArt_200x150px.png */; };
		78E2E7A21C7B7FA200B5A91A /* vigArt_300x400px.png in Resources */ = {isa = PBXBuildFile; fileRef = 78E2E72B1C7B7FA200B5A91A /* vigArt_300x400px.png */; };
		78E2E7A31C7B7FA200B5A91A /* vigArt_400x300px.png in Resources */ = {isa = PBXBuildFile; fileRef = 78E2E72C1C7B7FA200B5A91A /* vigArt_400x300px.png */; };
		78E2E7A41C7B7FA200B5A91A /* vigArt_75x100px.png in Resources */ = {isa = PBXBuildFile; fileRef = 78E2E72D1C7B7FA200B5A91A /* vigArt_75x100px.png */; };
		78E2E7A81C7B80D100B5A91A /* FilterView.swift in Sources */ = {isa = PBXBuildFile; fileRef = 78E2E7A71C7B80D100B5A91A /* FilterView.swift */; };
		78E2E7D61C7B859400B5A91A /* fastBlur.c in Sources */ = {isa = PBXBuildFile; fileRef = 78E2E7CA1C7B859400B5A91A /* fastBlur.c */; };
		78E2E7D81C7B859400B5A91A /* fileOutput.c in Sources */ = {isa = PBXBuildFile; fileRef = 78E2E7CE1C7B859400B5A91A /* fileOutput.c */; };
		78E2E7D91C7B859400B5A91A /* ImageProcess.m in Sources */ = {isa = PBXBuildFile; fileRef = 78E2E7D11C7B859400B5A91A /* ImageProcess.m */; };
		78E2E7DA1C7B859400B5A91A /* pb_render.c in Sources */ = {isa = PBXBuildFile; fileRef = 78E2E7D21C7B859400B5A91A /* pb_render.c */; };
		78F278651C9713DA00287042 /* ImageActivityItemProvider.swift in Sources */ = {isa = PBXBuildFile; fileRef = 78F278641C9713DA00287042 /* ImageActivityItemProvider.swift */; };
		78F697B21CCA7E9C000EA042 /* splash-images in Resources */ = {isa = PBXBuildFile; fileRef = 78F697B11CCA7E9C000EA042 /* splash-images */; };
		78F697B41CCA80CD000EA042 /* AppState.swift in Sources */ = {isa = PBXBuildFile; fileRef = 78F697B31CCA80CD000EA042 /* AppState.swift */; };
		7DB9009B93DFA315DE326BB3 /* Pods_PlasticBullet.framework in Frameworks */ = {isa = PBXBuildFile; fileRef = 0893F224447775751EA92B24 /* Pods_PlasticBullet.framework */; };
/* End PBXBuildFile section */

/* Begin PBXFileReference section */
		0893F224447775751EA92B24 /* Pods_PlasticBullet.framework */ = {isa = PBXFileReference; explicitFileType = wrapper.framework; includeInIndex = 0; path = Pods_PlasticBullet.framework; sourceTree = BUILT_PRODUCTS_DIR; };
		2334246BEB39A7EFB887843E /* Pods-PlasticBullet.release.xcconfig */ = {isa = PBXFileReference; includeInIndex = 1; lastKnownFileType = text.xcconfig; name = "Pods-PlasticBullet.release.xcconfig"; path = "Pods/Target Support Files/Pods-PlasticBullet/Pods-PlasticBullet.release.xcconfig"; sourceTree = "<group>"; };
		72FDE293A2423CFDAC10758C /* Pods-PlasticBullet.debug.xcconfig */ = {isa = PBXFileReference; includeInIndex = 1; lastKnownFileType = text.xcconfig; name = "Pods-PlasticBullet.debug.xcconfig"; path = "Pods/Target Support Files/Pods-PlasticBullet/Pods-PlasticBullet.debug.xcconfig"; sourceTree = "<group>"; };
		782B81DA1CC537D1005E30BC /* ImageMetadata.swift */ = {isa = PBXFileReference; fileEncoding = 4; lastKnownFileType = sourcecode.swift; path = ImageMetadata.swift; sourceTree = "<group>"; };
		782B81DC1CC53C0F005E30BC /* ImageIO.framework */ = {isa = PBXFileReference; lastKnownFileType = wrapper.framework; name = ImageIO.framework; path = System/Library/Frameworks/ImageIO.framework; sourceTree = SDKROOT; };
		787396661C84C2BB005F5E4B /* GridLayout.swift */ = {isa = PBXFileReference; fileEncoding = 4; lastKnownFileType = sourcecode.swift; path = GridLayout.swift; sourceTree = "<group>"; };
		787396681C84CB72005F5E4B /* FilterGridView.swift */ = {isa = PBXFileReference; fileEncoding = 4; lastKnownFileType = sourcecode.swift; path = FilterGridView.swift; sourceTree = "<group>"; };
		7881D5931C78EDC9000255F9 /* InfoViewController.swift */ = {isa = PBXFileReference; fileEncoding = 4; lastKnownFileType = sourcecode.swift; path = InfoViewController.swift; sourceTree = "<group>"; };
		7881D5951C78F7C4000255F9 /* ImageViewController.swift */ = {isa = PBXFileReference; fileEncoding = 4; lastKnownFileType = sourcecode.swift; path = ImageViewController.swift; sourceTree = "<group>"; };
		78982FC71CC92295004B7703 /* Splash.storyboard */ = {isa = PBXFileReference; fileEncoding = 4; lastKnownFileType = file.storyboard; path = Splash.storyboard; sourceTree = "<group>"; };
		78982FC91CC924C2004B7703 /* sample-bg.png */ = {isa = PBXFileReference; lastKnownFileType = image.png; path = "sample-bg.png"; sourceTree = "<group>"; };
		78982FCB1CC9377B004B7703 /* Launch.storyboard */ = {isa = PBXFileReference; fileEncoding = 4; lastKnownFileType = file.storyboard; path = Launch.storyboard; sourceTree = "<group>"; };
		78982FCD1CC93E6F004B7703 /* Image.storyboard */ = {isa = PBXFileReference; fileEncoding = 4; lastKnownFileType = file.storyboard; path = Image.storyboard; sourceTree = "<group>"; };
		78A3DF711C7E0A4800C757BD /* README.md */ = {isa = PBXFileReference; fileEncoding = 4; lastKnownFileType = net.daringfireball.markdown; path = README.md; sourceTree = "<group>"; };
		78A3DF721C7E0A4800C757BD /* todo.md */ = {isa = PBXFileReference; fileEncoding = 4; lastKnownFileType = net.daringfireball.markdown; path = todo.md; sourceTree = "<group>"; };
		78A3DF751C7E0CE000C757BD /* Settings.bundle */ = {isa = PBXFileReference; lastKnownFileType = "wrapper.plug-in"; path = Settings.bundle; sourceTree = "<group>"; };
		78B6A24A1C76780500AE58F7 /* Plastic Bullet.app */ = {isa = PBXFileReference; explicitFileType = wrapper.application; includeInIndex = 0; path = "Plastic Bullet.app"; sourceTree = BUILT_PRODUCTS_DIR; };
		78B6A24D1C76780500AE58F7 /* AppDelegate.swift */ = {isa = PBXFileReference; lastKnownFileType = sourcecode.swift; path = AppDelegate.swift; sourceTree = "<group>"; };
		78B6A24F1C76780500AE58F7 /* SplashViewController.swift */ = {isa = PBXFileReference; lastKnownFileType = sourcecode.swift; path = SplashViewController.swift; sourceTree = "<group>"; };
		78B6A2521C76780500AE58F7 /* Base */ = {isa = PBXFileReference; lastKnownFileType = file.storyboard; name = Base; path = Base.lproj/Main.storyboard; sourceTree = "<group>"; };
		78B6A2541C76780500AE58F7 /* Assets.xcassets */ = {isa = PBXFileReference; lastKnownFileType = folder.assetcatalog; path = Assets.xcassets; sourceTree = "<group>"; };
		78B6A2591C76780500AE58F7 /* Info.plist */ = {isa = PBXFileReference; lastKnownFileType = text.plist.xml; path = Info.plist; sourceTree = "<group>"; };
		78C0150A1C7B9165009C382C /* Renderer.h */ = {isa = PBXFileReference; fileEncoding = 4; lastKnownFileType = sourcecode.c.h; path = Renderer.h; sourceTree = "<group>"; };
		78C0150B1C7B9165009C382C /* Renderer.m */ = {isa = PBXFileReference; fileEncoding = 4; lastKnownFileType = sourcecode.c.objc; path = Renderer.m; sourceTree = "<group>"; };
		78C0150D1C7B91F4009C382C /* Utilities.h */ = {isa = PBXFileReference; fileEncoding = 4; lastKnownFileType = sourcecode.c.h; path = Utilities.h; sourceTree = "<group>"; };
		78C0150E1C7B91F4009C382C /* Utilities.m */ = {isa = PBXFileReference; fileEncoding = 4; lastKnownFileType = sourcecode.c.objc; path = Utilities.m; sourceTree = "<group>"; };
		78C015121C7BACF2009C382C /* Plugin_Render.mm */ = {isa = PBXFileReference; fileEncoding = 4; lastKnownFileType = sourcecode.cpp.objcpp; path = Plugin_Render.mm; sourceTree = "<group>"; };
		78C015131C7BACF2009C382C /* Plugin_Render.h */ = {isa = PBXFileReference; fileEncoding = 4; lastKnownFileType = sourcecode.c.h; path = Plugin_Render.h; sourceTree = "<group>"; };
		78C0151C1C7BB739009C382C /* mojoViewController.h */ = {isa = PBXFileReference; fileEncoding = 4; lastKnownFileType = sourcecode.c.h; path = mojoViewController.h; sourceTree = "<group>"; };
		78C0151D1C7BB739009C382C /* mojoViewController.mm */ = {isa = PBXFileReference; fileEncoding = 4; lastKnownFileType = sourcecode.cpp.objcpp; path = mojoViewController.mm; sourceTree = "<group>"; };
		78C015201C7BB7FA009C382C /* FileCache.h */ = {isa = PBXFileReference; fileEncoding = 4; lastKnownFileType = sourcecode.c.h; path = FileCache.h; sourceTree = "<group>"; };
		78C015211C7BB7FA009C382C /* FileCache.m */ = {isa = PBXFileReference; fileEncoding = 4; lastKnownFileType = sourcecode.c.objc; path = FileCache.m; sourceTree = "<group>"; };
		78C015231C7BBB0B009C382C /* mojoAppDelegate.h */ = {isa = PBXFileReference; fileEncoding = 4; lastKnownFileType = sourcecode.c.h; path = mojoAppDelegate.h; sourceTree = "<group>"; };
		78C015241C7BBB0B009C382C /* mojoAppDelegate.m */ = {isa = PBXFileReference; fileEncoding = 4; lastKnownFileType = sourcecode.c.objc; path = mojoAppDelegate.m; sourceTree = "<group>"; };
		78E2E6B21C7B780300B5A91A /* NavigationController.swift */ = {isa = PBXFileReference; fileEncoding = 4; lastKnownFileType = sourcecode.swift; path = NavigationController.swift; sourceTree = "<group>"; };
		78E2E6B41C7B7C1100B5A91A /* Style.swift */ = {isa = PBXFileReference; fileEncoding = 4; lastKnownFileType = sourcecode.swift; path = Style.swift; sourceTree = "<group>"; };
		78E2E6B71C7B7FA200B5A91A /* border_1200x1600px.png */ = {isa = PBXFileReference; lastKnownFileType = image.png; path = border_1200x1600px.png; sourceTree = "<group>"; };
		78E2E6B81C7B7FA200B5A91A /* border_1536x2048px.png */ = {isa = PBXFileReference; lastKnownFileType = image.png; path = border_1536x2048px.png; sourceTree = "<group>"; };
		78E2E6B91C7B7FA200B5A91A /* border_1600x1200px.png */ = {isa = PBXFileReference; lastKnownFileType = image.png; path = border_1600x1200px.png; sourceTree = "<group>"; };
		78E2E6BA1C7B7FA200B5A91A /* border_2048x1536px.png */ = {isa = PBXFileReference; lastKnownFileType = image.png; path = border_2048x1536px.png; sourceTree = "<group>"; };
		78E2E6BB1C7B7FA200B5A91A /* border_600x800px.png */ = {isa = PBXFileReference; lastKnownFileType = image.png; path = border_600x800px.png; sourceTree = "<group>"; };
		78E2E6BC1C7B7FA200B5A91A /* border_800x600px.png */ = {isa = PBXFileReference; lastKnownFileType = image.png; path = border_800x600px.png; sourceTree = "<group>"; };
		78E2E6BD1C7B7FA200B5A91A /* flexBorders_00_bp1_edge_00000.png */ = {isa = PBXFileReference; lastKnownFileType = image.png; path = flexBorders_00_bp1_edge_00000.png; sourceTree = "<group>"; };
		78E2E6BE1C7B7FA200B5A91A /* flexBorders_00_bp1_edge_00001.png */ = {isa = PBXFileReference; lastKnownFileType = image.png; path = flexBorders_00_bp1_edge_00001.png; sourceTree = "<group>"; };
		78E2E6BF1C7B7FA200B5A91A /* flexBorders_00_bp1_edge_00002.png */ = {isa = PBXFileReference; lastKnownFileType = image.png; path = flexBorders_00_bp1_edge_00002.png; sourceTree = "<group>"; };
		78E2E6C01C7B7FA200B5A91A /* flexBorders_00_bp1_edge_00003.png */ = {isa = PBXFileReference; lastKnownFileType = image.png; path = flexBorders_00_bp1_edge_00003.png; sourceTree = "<group>"; };
		78E2E6C11C7B7FA200B5A91A /* flexBorders_00_bp1_edge_00004.png */ = {isa = PBXFileReference; lastKnownFileType = image.png; path = flexBorders_00_bp1_edge_00004.png; sourceTree = "<group>"; };
		78E2E6C21C7B7FA200B5A91A /* flexBorders_00_bp1_edge_00005.png */ = {isa = PBXFileReference; lastKnownFileType = image.png; path = flexBorders_00_bp1_edge_00005.png; sourceTree = "<group>"; };
		78E2E6C31C7B7FA200B5A91A /* flexBorders_00_bp1_edge_00006.png */ = {isa = PBXFileReference; lastKnownFileType = image.png; path = flexBorders_00_bp1_edge_00006.png; sourceTree = "<group>"; };
		78E2E6C41C7B7FA200B5A91A /* flexBorders_00_bp1_edge_00007.png */ = {isa = PBXFileReference; lastKnownFileType = image.png; path = flexBorders_00_bp1_edge_00007.png; sourceTree = "<group>"; };
		78E2E6C51C7B7FA200B5A91A /* flexBorders_00_bp1_edge_00008.png */ = {isa = PBXFileReference; lastKnownFileType = image.png; path = flexBorders_00_bp1_edge_00008.png; sourceTree = "<group>"; };
		78E2E6C61C7B7FA200B5A91A /* flexBorders_00_bp1_edge_00009.png */ = {isa = PBXFileReference; lastKnownFileType = image.png; path = flexBorders_00_bp1_edge_00009.png; sourceTree = "<group>"; };
		78E2E6C71C7B7FA200B5A91A /* flexBorders_00_smooth_edge_00000.png */ = {isa = PBXFileReference; lastKnownFileType = image.png; path = flexBorders_00_smooth_edge_00000.png; sourceTree = "<group>"; };
		78E2E6C81C7B7FA200B5A91A /* flexBorders_00_smooth_edge_00001.png */ = {isa = PBXFileReference; lastKnownFileType = image.png; path = flexBorders_00_smooth_edge_00001.png; sourceTree = "<group>"; };
		78E2E6C91C7B7FA200B5A91A /* flexBorders_00_smooth_edge_00002.png */ = {isa = PBXFileReference; lastKnownFileType = image.png; path = flexBorders_00_smooth_edge_00002.png; sourceTree = "<group>"; };
		78E2E6CA1C7B7FA200B5A91A /* flexBorders_00_smooth_edge_00003.png */ = {isa = PBXFileReference; lastKnownFileType = image.png; path = flexBorders_00_smooth_edge_00003.png; sourceTree = "<group>"; };
		78E2E6CB1C7B7FA200B5A91A /* flexBorders_00_smooth_edge_00004.png */ = {isa = PBXFileReference; lastKnownFileType = image.png; path = flexBorders_00_smooth_edge_00004.png; sourceTree = "<group>"; };
		78E2E6CC1C7B7FA200B5A91A /* flexBorders_00_smooth_edge_00005.png */ = {isa = PBXFileReference; lastKnownFileType = image.png; path = flexBorders_00_smooth_edge_00005.png; sourceTree = "<group>"; };
		78E2E6CD1C7B7FA200B5A91A /* flexBorders_00_smooth_edge_00006.png */ = {isa = PBXFileReference; lastKnownFileType = image.png; path = flexBorders_00_smooth_edge_00006.png; sourceTree = "<group>"; };
		78E2E6CE1C7B7FA200B5A91A /* flexBorders_00_smooth_edge_00007.png */ = {isa = PBXFileReference; lastKnownFileType = image.png; path = flexBorders_00_smooth_edge_00007.png; sourceTree = "<group>"; };
		78E2E6CF1C7B7FA200B5A91A /* flexBorders_00_smooth_edge_00008.png */ = {isa = PBXFileReference; lastKnownFileType = image.png; path = flexBorders_00_smooth_edge_00008.png; sourceTree = "<group>"; };
		78E2E6D01C7B7FA200B5A91A /* flexBorders_00_smooth_edge_00009.png */ = {isa = PBXFileReference; lastKnownFileType = image.png; path = flexBorders_00_smooth_edge_00009.png; sourceTree = "<group>"; };
		78E2E6D11C7B7FA200B5A91A /* flexBorders_00_soft_edge_00000.png */ = {isa = PBXFileReference; lastKnownFileType = image.png; path = flexBorders_00_soft_edge_00000.png; sourceTree = "<group>"; };
		78E2E6D21C7B7FA200B5A91A /* flexBorders_00_soft_edge_00001.png */ = {isa = PBXFileReference; lastKnownFileType = image.png; path = flexBorders_00_soft_edge_00001.png; sourceTree = "<group>"; };
		78E2E6D31C7B7FA200B5A91A /* flexBorders_00_soft_edge_00002.png */ = {isa = PBXFileReference; lastKnownFileType = image.png; path = flexBorders_00_soft_edge_00002.png; sourceTree = "<group>"; };
		78E2E6D41C7B7FA200B5A91A /* flexBorders_00_soft_edge_00003.png */ = {isa = PBXFileReference; lastKnownFileType = image.png; path = flexBorders_00_soft_edge_00003.png; sourceTree = "<group>"; };
		78E2E6D51C7B7FA200B5A91A /* flexBorders_00_soft_edge_00004.png */ = {isa = PBXFileReference; lastKnownFileType = image.png; path = flexBorders_00_soft_edge_00004.png; sourceTree = "<group>"; };
		78E2E6D61C7B7FA200B5A91A /* flexBorders_00_soft_edge_00005.png */ = {isa = PBXFileReference; lastKnownFileType = image.png; path = flexBorders_00_soft_edge_00005.png; sourceTree = "<group>"; };
		78E2E6D71C7B7FA200B5A91A /* flexBorders_00_soft_edge_00006.png */ = {isa = PBXFileReference; lastKnownFileType = image.png; path = flexBorders_00_soft_edge_00006.png; sourceTree = "<group>"; };
		78E2E6D81C7B7FA200B5A91A /* flexBorders_00_soft_edge_00007.png */ = {isa = PBXFileReference; lastKnownFileType = image.png; path = flexBorders_00_soft_edge_00007.png; sourceTree = "<group>"; };
		78E2E6D91C7B7FA200B5A91A /* flexBorders_00_soft_edge_00008.png */ = {isa = PBXFileReference; lastKnownFileType = image.png; path = flexBorders_00_soft_edge_00008.png; sourceTree = "<group>"; };
		78E2E6DA1C7B7FA200B5A91A /* flexBorders_00_soft_edge_00009.png */ = {isa = PBXFileReference; lastKnownFileType = image.png; path = flexBorders_00_soft_edge_00009.png; sourceTree = "<group>"; };
		78E2E6DB1C7B7FA200B5A91A /* flexBorders_01_bp1_edge_00000.png */ = {isa = PBXFileReference; lastKnownFileType = image.png; path = flexBorders_01_bp1_edge_00000.png; sourceTree = "<group>"; };
		78E2E6DC1C7B7FA200B5A91A /* flexBorders_01_bp1_edge_00001.png */ = {isa = PBXFileReference; lastKnownFileType = image.png; path = flexBorders_01_bp1_edge_00001.png; sourceTree = "<group>"; };
		78E2E6DD1C7B7FA200B5A91A /* flexBorders_01_bp1_edge_00002.png */ = {isa = PBXFileReference; lastKnownFileType = image.png; path = flexBorders_01_bp1_edge_00002.png; sourceTree = "<group>"; };
		78E2E6DE1C7B7FA200B5A91A /* flexBorders_01_bp1_edge_00003.png */ = {isa = PBXFileReference; lastKnownFileType = image.png; path = flexBorders_01_bp1_edge_00003.png; sourceTree = "<group>"; };
		78E2E6DF1C7B7FA200B5A91A /* flexBorders_01_bp1_edge_00004.png */ = {isa = PBXFileReference; lastKnownFileType = image.png; path = flexBorders_01_bp1_edge_00004.png; sourceTree = "<group>"; };
		78E2E6E01C7B7FA200B5A91A /* flexBorders_01_bp1_edge_00005.png */ = {isa = PBXFileReference; lastKnownFileType = image.png; path = flexBorders_01_bp1_edge_00005.png; sourceTree = "<group>"; };
		78E2E6E11C7B7FA200B5A91A /* flexBorders_01_bp1_edge_00006.png */ = {isa = PBXFileReference; lastKnownFileType = image.png; path = flexBorders_01_bp1_edge_00006.png; sourceTree = "<group>"; };
		78E2E6E21C7B7FA200B5A91A /* flexBorders_01_bp1_edge_00007.png */ = {isa = PBXFileReference; lastKnownFileType = image.png; path = flexBorders_01_bp1_edge_00007.png; sourceTree = "<group>"; };
		78E2E6E31C7B7FA200B5A91A /* flexBorders_01_bp1_edge_00008.png */ = {isa = PBXFileReference; lastKnownFileType = image.png; path = flexBorders_01_bp1_edge_00008.png; sourceTree = "<group>"; };
		78E2E6E41C7B7FA200B5A91A /* flexBorders_01_bp1_edge_00009.png */ = {isa = PBXFileReference; lastKnownFileType = image.png; path = flexBorders_01_bp1_edge_00009.png; sourceTree = "<group>"; };
		78E2E6E51C7B7FA200B5A91A /* flexBorders_01_smooth_edge_00000.png */ = {isa = PBXFileReference; lastKnownFileType = image.png; path = flexBorders_01_smooth_edge_00000.png; sourceTree = "<group>"; };
		78E2E6E61C7B7FA200B5A91A /* flexBorders_01_smooth_edge_00001.png */ = {isa = PBXFileReference; lastKnownFileType = image.png; path = flexBorders_01_smooth_edge_00001.png; sourceTree = "<group>"; };
		78E2E6E71C7B7FA200B5A91A /* flexBorders_01_smooth_edge_00002.png */ = {isa = PBXFileReference; lastKnownFileType = image.png; path = flexBorders_01_smooth_edge_00002.png; sourceTree = "<group>"; };
		78E2E6E81C7B7FA200B5A91A /* flexBorders_01_smooth_edge_00003.png */ = {isa = PBXFileReference; lastKnownFileType = image.png; path = flexBorders_01_smooth_edge_00003.png; sourceTree = "<group>"; };
		78E2E6E91C7B7FA200B5A91A /* flexBorders_01_smooth_edge_00004.png */ = {isa = PBXFileReference; lastKnownFileType = image.png; path = flexBorders_01_smooth_edge_00004.png; sourceTree = "<group>"; };
		78E2E6EA1C7B7FA200B5A91A /* flexBorders_01_smooth_edge_00005.png */ = {isa = PBXFileReference; lastKnownFileType = image.png; path = flexBorders_01_smooth_edge_00005.png; sourceTree = "<group>"; };
		78E2E6EB1C7B7FA200B5A91A /* flexBorders_01_smooth_edge_00006.png */ = {isa = PBXFileReference; lastKnownFileType = image.png; path = flexBorders_01_smooth_edge_00006.png; sourceTree = "<group>"; };
		78E2E6EC1C7B7FA200B5A91A /* flexBorders_01_smooth_edge_00007.png */ = {isa = PBXFileReference; lastKnownFileType = image.png; path = flexBorders_01_smooth_edge_00007.png; sourceTree = "<group>"; };
		78E2E6ED1C7B7FA200B5A91A /* flexBorders_01_smooth_edge_00008.png */ = {isa = PBXFileReference; lastKnownFileType = image.png; path = flexBorders_01_smooth_edge_00008.png; sourceTree = "<group>"; };
		78E2E6EE1C7B7FA200B5A91A /* flexBorders_01_smooth_edge_00009.png */ = {isa = PBXFileReference; lastKnownFileType = image.png; path = flexBorders_01_smooth_edge_00009.png; sourceTree = "<group>"; };
		78E2E6EF1C7B7FA200B5A91A /* flexBorders_01_soft_edge_00000.png */ = {isa = PBXFileReference; lastKnownFileType = image.png; path = flexBorders_01_soft_edge_00000.png; sourceTree = "<group>"; };
		78E2E6F01C7B7FA200B5A91A /* flexBorders_01_soft_edge_00001.png */ = {isa = PBXFileReference; lastKnownFileType = image.png; path = flexBorders_01_soft_edge_00001.png; sourceTree = "<group>"; };
		78E2E6F11C7B7FA200B5A91A /* flexBorders_01_soft_edge_00002.png */ = {isa = PBXFileReference; lastKnownFileType = image.png; path = flexBorders_01_soft_edge_00002.png; sourceTree = "<group>"; };
		78E2E6F21C7B7FA200B5A91A /* flexBorders_01_soft_edge_00003.png */ = {isa = PBXFileReference; lastKnownFileType = image.png; path = flexBorders_01_soft_edge_00003.png; sourceTree = "<group>"; };
		78E2E6F31C7B7FA200B5A91A /* flexBorders_01_soft_edge_00004.png */ = {isa = PBXFileReference; lastKnownFileType = image.png; path = flexBorders_01_soft_edge_00004.png; sourceTree = "<group>"; };
		78E2E6F41C7B7FA200B5A91A /* flexBorders_01_soft_edge_00005.png */ = {isa = PBXFileReference; lastKnownFileType = image.png; path = flexBorders_01_soft_edge_00005.png; sourceTree = "<group>"; };
		78E2E6F51C7B7FA200B5A91A /* flexBorders_01_soft_edge_00006.png */ = {isa = PBXFileReference; lastKnownFileType = image.png; path = flexBorders_01_soft_edge_00006.png; sourceTree = "<group>"; };
		78E2E6F61C7B7FA200B5A91A /* flexBorders_01_soft_edge_00007.png */ = {isa = PBXFileReference; lastKnownFileType = image.png; path = flexBorders_01_soft_edge_00007.png; sourceTree = "<group>"; };
		78E2E6F71C7B7FA200B5A91A /* flexBorders_01_soft_edge_00008.png */ = {isa = PBXFileReference; lastKnownFileType = image.png; path = flexBorders_01_soft_edge_00008.png; sourceTree = "<group>"; };
		78E2E6F81C7B7FA200B5A91A /* flexBorders_01_soft_edge_00009.png */ = {isa = PBXFileReference; lastKnownFileType = image.png; path = flexBorders_01_soft_edge_00009.png; sourceTree = "<group>"; };
		78E2E6F91C7B7FA200B5A91A /* flexBorders_02_bp1_edge_00000.png */ = {isa = PBXFileReference; lastKnownFileType = image.png; path = flexBorders_02_bp1_edge_00000.png; sourceTree = "<group>"; };
		78E2E6FA1C7B7FA200B5A91A /* flexBorders_02_bp1_edge_00001.png */ = {isa = PBXFileReference; lastKnownFileType = image.png; path = flexBorders_02_bp1_edge_00001.png; sourceTree = "<group>"; };
		78E2E6FB1C7B7FA200B5A91A /* flexBorders_02_bp1_edge_00002.png */ = {isa = PBXFileReference; lastKnownFileType = image.png; path = flexBorders_02_bp1_edge_00002.png; sourceTree = "<group>"; };
		78E2E6FC1C7B7FA200B5A91A /* flexBorders_02_bp1_edge_00003.png */ = {isa = PBXFileReference; lastKnownFileType = image.png; path = flexBorders_02_bp1_edge_00003.png; sourceTree = "<group>"; };
		78E2E6FD1C7B7FA200B5A91A /* flexBorders_02_bp1_edge_00004.png */ = {isa = PBXFileReference; lastKnownFileType = image.png; path = flexBorders_02_bp1_edge_00004.png; sourceTree = "<group>"; };
		78E2E6FE1C7B7FA200B5A91A /* flexBorders_02_bp1_edge_00005.png */ = {isa = PBXFileReference; lastKnownFileType = image.png; path = flexBorders_02_bp1_edge_00005.png; sourceTree = "<group>"; };
		78E2E6FF1C7B7FA200B5A91A /* flexBorders_02_bp1_edge_00006.png */ = {isa = PBXFileReference; lastKnownFileType = image.png; path = flexBorders_02_bp1_edge_00006.png; sourceTree = "<group>"; };
		78E2E7001C7B7FA200B5A91A /* flexBorders_02_bp1_edge_00007.png */ = {isa = PBXFileReference; lastKnownFileType = image.png; path = flexBorders_02_bp1_edge_00007.png; sourceTree = "<group>"; };
		78E2E7011C7B7FA200B5A91A /* flexBorders_02_bp1_edge_00008.png */ = {isa = PBXFileReference; lastKnownFileType = image.png; path = flexBorders_02_bp1_edge_00008.png; sourceTree = "<group>"; };
		78E2E7021C7B7FA200B5A91A /* flexBorders_02_bp1_edge_00009.png */ = {isa = PBXFileReference; lastKnownFileType = image.png; path = flexBorders_02_bp1_edge_00009.png; sourceTree = "<group>"; };
		78E2E7031C7B7FA200B5A91A /* flexBorders_02_smooth_edge_00000.png */ = {isa = PBXFileReference; lastKnownFileType = image.png; path = flexBorders_02_smooth_edge_00000.png; sourceTree = "<group>"; };
		78E2E7041C7B7FA200B5A91A /* flexBorders_02_smooth_edge_00001.png */ = {isa = PBXFileReference; lastKnownFileType = image.png; path = flexBorders_02_smooth_edge_00001.png; sourceTree = "<group>"; };
		78E2E7051C7B7FA200B5A91A /* flexBorders_02_smooth_edge_00002.png */ = {isa = PBXFileReference; lastKnownFileType = image.png; path = flexBorders_02_smooth_edge_00002.png; sourceTree = "<group>"; };
		78E2E7061C7B7FA200B5A91A /* flexBorders_02_smooth_edge_00003.png */ = {isa = PBXFileReference; lastKnownFileType = image.png; path = flexBorders_02_smooth_edge_00003.png; sourceTree = "<group>"; };
		78E2E7071C7B7FA200B5A91A /* flexBorders_02_smooth_edge_00004.png */ = {isa = PBXFileReference; lastKnownFileType = image.png; path = flexBorders_02_smooth_edge_00004.png; sourceTree = "<group>"; };
		78E2E7081C7B7FA200B5A91A /* flexBorders_02_smooth_edge_00005.png */ = {isa = PBXFileReference; lastKnownFileType = image.png; path = flexBorders_02_smooth_edge_00005.png; sourceTree = "<group>"; };
		78E2E7091C7B7FA200B5A91A /* flexBorders_02_smooth_edge_00006.png */ = {isa = PBXFileReference; lastKnownFileType = image.png; path = flexBorders_02_smooth_edge_00006.png; sourceTree = "<group>"; };
		78E2E70A1C7B7FA200B5A91A /* flexBorders_02_smooth_edge_00007.png */ = {isa = PBXFileReference; lastKnownFileType = image.png; path = flexBorders_02_smooth_edge_00007.png; sourceTree = "<group>"; };
		78E2E70B1C7B7FA200B5A91A /* flexBorders_02_smooth_edge_00008.png */ = {isa = PBXFileReference; lastKnownFileType = image.png; path = flexBorders_02_smooth_edge_00008.png; sourceTree = "<group>"; };
		78E2E70C1C7B7FA200B5A91A /* flexBorders_02_smooth_edge_00009.png */ = {isa = PBXFileReference; lastKnownFileType = image.png; path = flexBorders_02_smooth_edge_00009.png; sourceTree = "<group>"; };
		78E2E70D1C7B7FA200B5A91A /* flexBorders_02_soft_edge_00000.png */ = {isa = PBXFileReference; lastKnownFileType = image.png; path = flexBorders_02_soft_edge_00000.png; sourceTree = "<group>"; };
		78E2E70E1C7B7FA200B5A91A /* flexBorders_02_soft_edge_00001.png */ = {isa = PBXFileReference; lastKnownFileType = image.png; path = flexBorders_02_soft_edge_00001.png; sourceTree = "<group>"; };
		78E2E70F1C7B7FA200B5A91A /* flexBorders_02_soft_edge_00002.png */ = {isa = PBXFileReference; lastKnownFileType = image.png; path = flexBorders_02_soft_edge_00002.png; sourceTree = "<group>"; };
		78E2E7101C7B7FA200B5A91A /* flexBorders_02_soft_edge_00003.png */ = {isa = PBXFileReference; lastKnownFileType = image.png; path = flexBorders_02_soft_edge_00003.png; sourceTree = "<group>"; };
		78E2E7111C7B7FA200B5A91A /* flexBorders_02_soft_edge_00004.png */ = {isa = PBXFileReference; lastKnownFileType = image.png; path = flexBorders_02_soft_edge_00004.png; sourceTree = "<group>"; };
		78E2E7121C7B7FA200B5A91A /* flexBorders_02_soft_edge_00005.png */ = {isa = PBXFileReference; lastKnownFileType = image.png; path = flexBorders_02_soft_edge_00005.png; sourceTree = "<group>"; };
		78E2E7131C7B7FA200B5A91A /* flexBorders_02_soft_edge_00006.png */ = {isa = PBXFileReference; lastKnownFileType = image.png; path = flexBorders_02_soft_edge_00006.png; sourceTree = "<group>"; };
		78E2E7141C7B7FA200B5A91A /* flexBorders_02_soft_edge_00007.png */ = {isa = PBXFileReference; lastKnownFileType = image.png; path = flexBorders_02_soft_edge_00007.png; sourceTree = "<group>"; };
		78E2E7151C7B7FA200B5A91A /* flexBorders_02_soft_edge_00008.png */ = {isa = PBXFileReference; lastKnownFileType = image.png; path = flexBorders_02_soft_edge_00008.png; sourceTree = "<group>"; };
		78E2E7161C7B7FA200B5A91A /* flexBorders_02_soft_edge_00009.png */ = {isa = PBXFileReference; lastKnownFileType = image.png; path = flexBorders_02_soft_edge_00009.png; sourceTree = "<group>"; };
		78E2E7171C7B7FA200B5A91A /* iPhone4uncontrastLUT.png */ = {isa = PBXFileReference; lastKnownFileType = image.png; path = iPhone4uncontrastLUT.png; sourceTree = "<group>"; };
		78E2E7181C7B7FA200B5A91A /* leaks_1200x6000px.png */ = {isa = PBXFileReference; lastKnownFileType = image.png; path = leaks_1200x6000px.png; sourceTree = "<group>"; };
		78E2E7191C7B7FA200B5A91A /* leaks_1200x6000px_old.png */ = {isa = PBXFileReference; lastKnownFileType = image.png; path = leaks_1200x6000px_old.png; sourceTree = "<group>"; };
		78E2E71A1C7B7FA200B5A91A /* leaks_210x1050px.png */ = {isa = PBXFileReference; lastKnownFileType = image.png; path = leaks_210x1050px.png; sourceTree = "<group>"; };
		78E2E71B1C7B7FA200B5A91A /* leaks_210x1050px_old.png */ = {isa = PBXFileReference; lastKnownFileType = image.png; path = leaks_210x1050px_old.png; sourceTree = "<group>"; };
		78E2E71C1C7B7FA200B5A91A /* leaks_420x2100px.png */ = {isa = PBXFileReference; lastKnownFileType = image.png; path = leaks_420x2100px.png; sourceTree = "<group>"; };
		78E2E71D1C7B7FA200B5A91A /* leaks_420x2100px_old.png */ = {isa = PBXFileReference; lastKnownFileType = image.png; path = leaks_420x2100px_old.png; sourceTree = "<group>"; };
		78E2E71E1C7B7FA200B5A91A /* sqrVignette_1152x864px.png */ = {isa = PBXFileReference; lastKnownFileType = image.png; path = sqrVignette_1152x864px.png; sourceTree = "<group>"; };
		78E2E71F1C7B7FA200B5A91A /* sqrVignette_1728x2304px.png */ = {isa = PBXFileReference; lastKnownFileType = image.png; path = sqrVignette_1728x2304px.png; sourceTree = "<group>"; };
		78E2E7201C7B7FA200B5A91A /* sqrVignette_2304x1728px.png */ = {isa = PBXFileReference; lastKnownFileType = image.png; path = sqrVignette_2304x1728px.png; sourceTree = "<group>"; };
		78E2E7211C7B7FA200B5A91A /* sqrVignette_3000x4000px.png */ = {isa = PBXFileReference; lastKnownFileType = image.png; path = sqrVignette_3000x4000px.png; sourceTree = "<group>"; };
		78E2E7221C7B7FA200B5A91A /* sqrVignette_338x450px.png */ = {isa = PBXFileReference; lastKnownFileType = image.png; path = sqrVignette_338x450px.png; sourceTree = "<group>"; };
		78E2E7231C7B7FA200B5A91A /* sqrVignette_4000x3000px.png */ = {isa = PBXFileReference; lastKnownFileType = image.png; path = sqrVignette_4000x3000px.png; sourceTree = "<group>"; };
		78E2E7241C7B7FA200B5A91A /* sqrVignette_450x338px.png */ = {isa = PBXFileReference; lastKnownFileType = image.png; path = sqrVignette_450x338px.png; sourceTree = "<group>"; };
		78E2E7251C7B7FA200B5A91A /* sqrVignette_864x1152px.png */ = {isa = PBXFileReference; lastKnownFileType = image.png; path = sqrVignette_864x1152px.png; sourceTree = "<group>"; };
		78E2E7261C7B7FA200B5A91A /* sqrVignetteBody_450x80px.png */ = {isa = PBXFileReference; lastKnownFileType = image.png; path = sqrVignetteBody_450x80px.png; sourceTree = "<group>"; };
		78E2E7271C7B7FA200B5A91A /* sqrVignetteSide_450x80px.png */ = {isa = PBXFileReference; lastKnownFileType = image.png; path = sqrVignetteSide_450x80px.png; sourceTree = "<group>"; };
		78E2E7281C7B7FA200B5A91A /* vigArt_100x75px.png */ = {isa = PBXFileReference; lastKnownFileType = image.png; path = vigArt_100x75px.png; sourceTree = "<group>"; };
		78E2E7291C7B7FA200B5A91A /* vigArt_150x200px.png */ = {isa = PBXFileReference; lastKnownFileType = image.png; path = vigArt_150x200px.png; sourceTree = "<group>"; };
		78E2E72A1C7B7FA200B5A91A /* vigArt_200x150px.png */ = {isa = PBXFileReference; lastKnownFileType = image.png; path = vigArt_200x150px.png; sourceTree = "<group>"; };
		78E2E72B1C7B7FA200B5A91A /* vigArt_300x400px.png */ = {isa = PBXFileReference; lastKnownFileType = image.png; path = vigArt_300x400px.png; sourceTree = "<group>"; };
		78E2E72C1C7B7FA200B5A91A /* vigArt_400x300px.png */ = {isa = PBXFileReference; lastKnownFileType = image.png; path = vigArt_400x300px.png; sourceTree = "<group>"; };
		78E2E72D1C7B7FA200B5A91A /* vigArt_75x100px.png */ = {isa = PBXFileReference; lastKnownFileType = image.png; path = vigArt_75x100px.png; sourceTree = "<group>"; };
		78E2E7A71C7B80D100B5A91A /* FilterView.swift */ = {isa = PBXFileReference; fileEncoding = 4; lastKnownFileType = sourcecode.swift; path = FilterView.swift; sourceTree = "<group>"; };
		78E2E7A91C7B815D00B5A91A /* PlasticBullet-Bridging-Header.h */ = {isa = PBXFileReference; lastKnownFileType = sourcecode.c.h; path = "PlasticBullet-Bridging-Header.h"; sourceTree = "<group>"; };
		78E2E7C81C7B859400B5A91A /* DataFile.h */ = {isa = PBXFileReference; fileEncoding = 4; lastKnownFileType = sourcecode.c.h; path = DataFile.h; sourceTree = "<group>"; };
		78E2E7C91C7B859400B5A91A /* DataTypeDef.h */ = {isa = PBXFileReference; fileEncoding = 4; lastKnownFileType = sourcecode.c.h; path = DataTypeDef.h; sourceTree = "<group>"; };
		78E2E7CA1C7B859400B5A91A /* fastBlur.c */ = {isa = PBXFileReference; fileEncoding = 4; lastKnownFileType = sourcecode.c.c; path = fastBlur.c; sourceTree = "<group>"; };
		78E2E7CB1C7B859400B5A91A /* fastBlur.h */ = {isa = PBXFileReference; fileEncoding = 4; lastKnownFileType = sourcecode.c.h; path = fastBlur.h; sourceTree = "<group>"; };
		78E2E7CE1C7B859400B5A91A /* fileOutput.c */ = {isa = PBXFileReference; fileEncoding = 4; lastKnownFileType = sourcecode.c.c; path = fileOutput.c; sourceTree = "<group>"; };
		78E2E7CF1C7B859400B5A91A /* fileOutput.h */ = {isa = PBXFileReference; fileEncoding = 4; lastKnownFileType = sourcecode.c.h; path = fileOutput.h; sourceTree = "<group>"; };
		78E2E7D01C7B859400B5A91A /* ImageProcess.h */ = {isa = PBXFileReference; fileEncoding = 4; lastKnownFileType = sourcecode.c.h; path = ImageProcess.h; sourceTree = "<group>"; };
		78E2E7D11C7B859400B5A91A /* ImageProcess.m */ = {isa = PBXFileReference; fileEncoding = 4; lastKnownFileType = sourcecode.c.objc; path = ImageProcess.m; sourceTree = "<group>"; };
		78E2E7D21C7B859400B5A91A /* pb_render.c */ = {isa = PBXFileReference; fileEncoding = 4; lastKnownFileType = sourcecode.c.c; path = pb_render.c; sourceTree = "<group>"; };
		78E2E7D31C7B859400B5A91A /* pb_render.h */ = {isa = PBXFileReference; fileEncoding = 4; lastKnownFileType = sourcecode.c.h; path = pb_render.h; sourceTree = "<group>"; };
		78F278641C9713DA00287042 /* ImageActivityItemProvider.swift */ = {isa = PBXFileReference; fileEncoding = 4; lastKnownFileType = sourcecode.swift; path = ImageActivityItemProvider.swift; sourceTree = "<group>"; };
		78F697B11CCA7E9C000EA042 /* splash-images */ = {isa = PBXFileReference; lastKnownFileType = folder; path = "splash-images"; sourceTree = "<group>"; };
		78F697B31CCA80CD000EA042 /* AppState.swift */ = {isa = PBXFileReference; fileEncoding = 4; lastKnownFileType = sourcecode.swift; path = AppState.swift; sourceTree = "<group>"; };
/* End PBXFileReference section */

/* Begin PBXFrameworksBuildPhase section */
		78B6A2471C76780500AE58F7 /* Frameworks */ = {
			isa = PBXFrameworksBuildPhase;
			buildActionMask = 2147483647;
			files = (
				782B81DD1CC53C0F005E30BC /* ImageIO.framework in Frameworks */,
				7DB9009B93DFA315DE326BB3 /* Pods_PlasticBullet.framework in Frameworks */,
			);
			runOnlyForDeploymentPostprocessing = 0;
		};
/* End PBXFrameworksBuildPhase section */

/* Begin PBXGroup section */
		16F425962B6D1F5432EB52C8 /* Frameworks */ = {
			isa = PBXGroup;
			children = (
				782B81DC1CC53C0F005E30BC /* ImageIO.framework */,
				0893F224447775751EA92B24 /* Pods_PlasticBullet.framework */,
			);
			name = Frameworks;
			sourceTree = "<group>";
		};
		7881D5901C78DAAE000255F9 /* Splash */ = {
			isa = PBXGroup;
			children = (
				78F697B11CCA7E9C000EA042 /* splash-images */,
				78982FCB1CC9377B004B7703 /* Launch.storyboard */,
				78982FC91CC924C2004B7703 /* sample-bg.png */,
				78982FC71CC92295004B7703 /* Splash.storyboard */,
				78B6A24F1C76780500AE58F7 /* SplashViewController.swift */,
				7881D5931C78EDC9000255F9 /* InfoViewController.swift */,
			);
			name = Splash;
			sourceTree = "<group>";
		};
		7881D5971C78F7C8000255F9 /* Image */ = {
			isa = PBXGroup;
			children = (
				78982FCD1CC93E6F004B7703 /* Image.storyboard */,
				7881D5951C78F7C4000255F9 /* ImageViewController.swift */,
				787396681C84CB72005F5E4B /* FilterGridView.swift */,
				78E2E7A71C7B80D100B5A91A /* FilterView.swift */,
				78F278641C9713DA00287042 /* ImageActivityItemProvider.swift */,
				782B81DA1CC537D1005E30BC /* ImageMetadata.swift */,
				787396661C84C2BB005F5E4B /* GridLayout.swift */,
			);
			name = Image;
			sourceTree = "<group>";
		};
		78B6A2411C76780500AE58F7 = {
			isa = PBXGroup;
			children = (
				78A3DF711C7E0A4800C757BD /* README.md */,
				78A3DF721C7E0A4800C757BD /* todo.md */,
				78B6A24C1C76780500AE58F7 /* PlasticBullet */,
				78B6A24B1C76780500AE58F7 /* Products */,
				C4C535EA535B43828A23B836 /* Pods */,
				16F425962B6D1F5432EB52C8 /* Frameworks */,
			);
			sourceTree = "<group>";
		};
		78B6A24B1C76780500AE58F7 /* Products */ = {
			isa = PBXGroup;
			children = (
				78B6A24A1C76780500AE58F7 /* Plastic Bullet.app */,
			);
			name = Products;
			sourceTree = "<group>";
		};
		78B6A24C1C76780500AE58F7 /* PlasticBullet */ = {
			isa = PBXGroup;
			children = (
				78B6A2541C76780500AE58F7 /* Assets.xcassets */,
				78B6A2511C76780500AE58F7 /* Main.storyboard */,
				78E2E6B41C7B7C1100B5A91A /* Style.swift */,
				78E2E6B21C7B780300B5A91A /* NavigationController.swift */,
				78B6A24D1C76780500AE58F7 /* AppDelegate.swift */,
				78E2E7A91C7B815D00B5A91A /* PlasticBullet-Bridging-Header.h */,
				78F697B31CCA80CD000EA042 /* AppState.swift */,
				7881D5901C78DAAE000255F9 /* Splash */,
				7881D5971C78F7C8000255F9 /* Image */,
				78A3DF751C7E0CE000C757BD /* Settings.bundle */,
				78B6A2591C76780500AE58F7 /* Info.plist */,
				78C015191C7BB739009C382C /* Mojo */,
				78E2E7C71C7B859400B5A91A /* Renderer */,
				78E2E6B61C7B7FA200B5A91A /* filters */,
			);
			path = PlasticBullet;
			sourceTree = "<group>";
		};
		78C015191C7BB739009C382C /* Mojo */ = {
			isa = PBXGroup;
			children = (
				78C0151C1C7BB739009C382C /* mojoViewController.h */,
				78C0151D1C7BB739009C382C /* mojoViewController.mm */,
				78C015231C7BBB0B009C382C /* mojoAppDelegate.h */,
				78C015241C7BBB0B009C382C /* mojoAppDelegate.m */,
			);
			path = Mojo;
			sourceTree = "<group>";
		};
		78E2E6B61C7B7FA200B5A91A /* filters */ = {
			isa = PBXGroup;
			children = (
				78E2E6B71C7B7FA200B5A91A /* border_1200x1600px.png */,
				78E2E6B81C7B7FA200B5A91A /* border_1536x2048px.png */,
				78E2E6B91C7B7FA200B5A91A /* border_1600x1200px.png */,
				78E2E6BA1C7B7FA200B5A91A /* border_2048x1536px.png */,
				78E2E6BB1C7B7FA200B5A91A /* border_600x800px.png */,
				78E2E6BC1C7B7FA200B5A91A /* border_800x600px.png */,
				78E2E6BD1C7B7FA200B5A91A /* flexBorders_00_bp1_edge_00000.png */,
				78E2E6BE1C7B7FA200B5A91A /* flexBorders_00_bp1_edge_00001.png */,
				78E2E6BF1C7B7FA200B5A91A /* flexBorders_00_bp1_edge_00002.png */,
				78E2E6C01C7B7FA200B5A91A /* flexBorders_00_bp1_edge_00003.png */,
				78E2E6C11C7B7FA200B5A91A /* flexBorders_00_bp1_edge_00004.png */,
				78E2E6C21C7B7FA200B5A91A /* flexBorders_00_bp1_edge_00005.png */,
				78E2E6C31C7B7FA200B5A91A /* flexBorders_00_bp1_edge_00006.png */,
				78E2E6C41C7B7FA200B5A91A /* flexBorders_00_bp1_edge_00007.png */,
				78E2E6C51C7B7FA200B5A91A /* flexBorders_00_bp1_edge_00008.png */,
				78E2E6C61C7B7FA200B5A91A /* flexBorders_00_bp1_edge_00009.png */,
				78E2E6C71C7B7FA200B5A91A /* flexBorders_00_smooth_edge_00000.png */,
				78E2E6C81C7B7FA200B5A91A /* flexBorders_00_smooth_edge_00001.png */,
				78E2E6C91C7B7FA200B5A91A /* flexBorders_00_smooth_edge_00002.png */,
				78E2E6CA1C7B7FA200B5A91A /* flexBorders_00_smooth_edge_00003.png */,
				78E2E6CB1C7B7FA200B5A91A /* flexBorders_00_smooth_edge_00004.png */,
				78E2E6CC1C7B7FA200B5A91A /* flexBorders_00_smooth_edge_00005.png */,
				78E2E6CD1C7B7FA200B5A91A /* flexBorders_00_smooth_edge_00006.png */,
				78E2E6CE1C7B7FA200B5A91A /* flexBorders_00_smooth_edge_00007.png */,
				78E2E6CF1C7B7FA200B5A91A /* flexBorders_00_smooth_edge_00008.png */,
				78E2E6D01C7B7FA200B5A91A /* flexBorders_00_smooth_edge_00009.png */,
				78E2E6D11C7B7FA200B5A91A /* flexBorders_00_soft_edge_00000.png */,
				78E2E6D21C7B7FA200B5A91A /* flexBorders_00_soft_edge_00001.png */,
				78E2E6D31C7B7FA200B5A91A /* flexBorders_00_soft_edge_00002.png */,
				78E2E6D41C7B7FA200B5A91A /* flexBorders_00_soft_edge_00003.png */,
				78E2E6D51C7B7FA200B5A91A /* flexBorders_00_soft_edge_00004.png */,
				78E2E6D61C7B7FA200B5A91A /* flexBorders_00_soft_edge_00005.png */,
				78E2E6D71C7B7FA200B5A91A /* flexBorders_00_soft_edge_00006.png */,
				78E2E6D81C7B7FA200B5A91A /* flexBorders_00_soft_edge_00007.png */,
				78E2E6D91C7B7FA200B5A91A /* flexBorders_00_soft_edge_00008.png */,
				78E2E6DA1C7B7FA200B5A91A /* flexBorders_00_soft_edge_00009.png */,
				78E2E6DB1C7B7FA200B5A91A /* flexBorders_01_bp1_edge_00000.png */,
				78E2E6DC1C7B7FA200B5A91A /* flexBorders_01_bp1_edge_00001.png */,
				78E2E6DD1C7B7FA200B5A91A /* flexBorders_01_bp1_edge_00002.png */,
				78E2E6DE1C7B7FA200B5A91A /* flexBorders_01_bp1_edge_00003.png */,
				78E2E6DF1C7B7FA200B5A91A /* flexBorders_01_bp1_edge_00004.png */,
				78E2E6E01C7B7FA200B5A91A /* flexBorders_01_bp1_edge_00005.png */,
				78E2E6E11C7B7FA200B5A91A /* flexBorders_01_bp1_edge_00006.png */,
				78E2E6E21C7B7FA200B5A91A /* flexBorders_01_bp1_edge_00007.png */,
				78E2E6E31C7B7FA200B5A91A /* flexBorders_01_bp1_edge_00008.png */,
				78E2E6E41C7B7FA200B5A91A /* flexBorders_01_bp1_edge_00009.png */,
				78E2E6E51C7B7FA200B5A91A /* flexBorders_01_smooth_edge_00000.png */,
				78E2E6E61C7B7FA200B5A91A /* flexBorders_01_smooth_edge_00001.png */,
				78E2E6E71C7B7FA200B5A91A /* flexBorders_01_smooth_edge_00002.png */,
				78E2E6E81C7B7FA200B5A91A /* flexBorders_01_smooth_edge_00003.png */,
				78E2E6E91C7B7FA200B5A91A /* flexBorders_01_smooth_edge_00004.png */,
				78E2E6EA1C7B7FA200B5A91A /* flexBorders_01_smooth_edge_00005.png */,
				78E2E6EB1C7B7FA200B5A91A /* flexBorders_01_smooth_edge_00006.png */,
				78E2E6EC1C7B7FA200B5A91A /* flexBorders_01_smooth_edge_00007.png */,
				78E2E6ED1C7B7FA200B5A91A /* flexBorders_01_smooth_edge_00008.png */,
				78E2E6EE1C7B7FA200B5A91A /* flexBorders_01_smooth_edge_00009.png */,
				78E2E6EF1C7B7FA200B5A91A /* flexBorders_01_soft_edge_00000.png */,
				78E2E6F01C7B7FA200B5A91A /* flexBorders_01_soft_edge_00001.png */,
				78E2E6F11C7B7FA200B5A91A /* flexBorders_01_soft_edge_00002.png */,
				78E2E6F21C7B7FA200B5A91A /* flexBorders_01_soft_edge_00003.png */,
				78E2E6F31C7B7FA200B5A91A /* flexBorders_01_soft_edge_00004.png */,
				78E2E6F41C7B7FA200B5A91A /* flexBorders_01_soft_edge_00005.png */,
				78E2E6F51C7B7FA200B5A91A /* flexBorders_01_soft_edge_00006.png */,
				78E2E6F61C7B7FA200B5A91A /* flexBorders_01_soft_edge_00007.png */,
				78E2E6F71C7B7FA200B5A91A /* flexBorders_01_soft_edge_00008.png */,
				78E2E6F81C7B7FA200B5A91A /* flexBorders_01_soft_edge_00009.png */,
				78E2E6F91C7B7FA200B5A91A /* flexBorders_02_bp1_edge_00000.png */,
				78E2E6FA1C7B7FA200B5A91A /* flexBorders_02_bp1_edge_00001.png */,
				78E2E6FB1C7B7FA200B5A91A /* flexBorders_02_bp1_edge_00002.png */,
				78E2E6FC1C7B7FA200B5A91A /* flexBorders_02_bp1_edge_00003.png */,
				78E2E6FD1C7B7FA200B5A91A /* flexBorders_02_bp1_edge_00004.png */,
				78E2E6FE1C7B7FA200B5A91A /* flexBorders_02_bp1_edge_00005.png */,
				78E2E6FF1C7B7FA200B5A91A /* flexBorders_02_bp1_edge_00006.png */,
				78E2E7001C7B7FA200B5A91A /* flexBorders_02_bp1_edge_00007.png */,
				78E2E7011C7B7FA200B5A91A /* flexBorders_02_bp1_edge_00008.png */,
				78E2E7021C7B7FA200B5A91A /* flexBorders_02_bp1_edge_00009.png */,
				78E2E7031C7B7FA200B5A91A /* flexBorders_02_smooth_edge_00000.png */,
				78E2E7041C7B7FA200B5A91A /* flexBorders_02_smooth_edge_00001.png */,
				78E2E7051C7B7FA200B5A91A /* flexBorders_02_smooth_edge_00002.png */,
				78E2E7061C7B7FA200B5A91A /* flexBorders_02_smooth_edge_00003.png */,
				78E2E7071C7B7FA200B5A91A /* flexBorders_02_smooth_edge_00004.png */,
				78E2E7081C7B7FA200B5A91A /* flexBorders_02_smooth_edge_00005.png */,
				78E2E7091C7B7FA200B5A91A /* flexBorders_02_smooth_edge_00006.png */,
				78E2E70A1C7B7FA200B5A91A /* flexBorders_02_smooth_edge_00007.png */,
				78E2E70B1C7B7FA200B5A91A /* flexBorders_02_smooth_edge_00008.png */,
				78E2E70C1C7B7FA200B5A91A /* flexBorders_02_smooth_edge_00009.png */,
				78E2E70D1C7B7FA200B5A91A /* flexBorders_02_soft_edge_00000.png */,
				78E2E70E1C7B7FA200B5A91A /* flexBorders_02_soft_edge_00001.png */,
				78E2E70F1C7B7FA200B5A91A /* flexBorders_02_soft_edge_00002.png */,
				78E2E7101C7B7FA200B5A91A /* flexBorders_02_soft_edge_00003.png */,
				78E2E7111C7B7FA200B5A91A /* flexBorders_02_soft_edge_00004.png */,
				78E2E7121C7B7FA200B5A91A /* flexBorders_02_soft_edge_00005.png */,
				78E2E7131C7B7FA200B5A91A /* flexBorders_02_soft_edge_00006.png */,
				78E2E7141C7B7FA200B5A91A /* flexBorders_02_soft_edge_00007.png */,
				78E2E7151C7B7FA200B5A91A /* flexBorders_02_soft_edge_00008.png */,
				78E2E7161C7B7FA200B5A91A /* flexBorders_02_soft_edge_00009.png */,
				78E2E7171C7B7FA200B5A91A /* iPhone4uncontrastLUT.png */,
				78E2E7181C7B7FA200B5A91A /* leaks_1200x6000px.png */,
				78E2E7191C7B7FA200B5A91A /* leaks_1200x6000px_old.png */,
				78E2E71A1C7B7FA200B5A91A /* leaks_210x1050px.png */,
				78E2E71B1C7B7FA200B5A91A /* leaks_210x1050px_old.png */,
				78E2E71C1C7B7FA200B5A91A /* leaks_420x2100px.png */,
				78E2E71D1C7B7FA200B5A91A /* leaks_420x2100px_old.png */,
				78E2E71E1C7B7FA200B5A91A /* sqrVignette_1152x864px.png */,
				78E2E71F1C7B7FA200B5A91A /* sqrVignette_1728x2304px.png */,
				78E2E7201C7B7FA200B5A91A /* sqrVignette_2304x1728px.png */,
				78E2E7211C7B7FA200B5A91A /* sqrVignette_3000x4000px.png */,
				78E2E7221C7B7FA200B5A91A /* sqrVignette_338x450px.png */,
				78E2E7231C7B7FA200B5A91A /* sqrVignette_4000x3000px.png */,
				78E2E7241C7B7FA200B5A91A /* sqrVignette_450x338px.png */,
				78E2E7251C7B7FA200B5A91A /* sqrVignette_864x1152px.png */,
				78E2E7261C7B7FA200B5A91A /* sqrVignetteBody_450x80px.png */,
				78E2E7271C7B7FA200B5A91A /* sqrVignetteSide_450x80px.png */,
				78E2E7281C7B7FA200B5A91A /* vigArt_100x75px.png */,
				78E2E7291C7B7FA200B5A91A /* vigArt_150x200px.png */,
				78E2E72A1C7B7FA200B5A91A /* vigArt_200x150px.png */,
				78E2E72B1C7B7FA200B5A91A /* vigArt_300x400px.png */,
				78E2E72C1C7B7FA200B5A91A /* vigArt_400x300px.png */,
				78E2E72D1C7B7FA200B5A91A /* vigArt_75x100px.png */,
			);
			name = filters;
			path = img/filters;
			sourceTree = "<group>";
		};
		78E2E7C71C7B859400B5A91A /* Renderer */ = {
			isa = PBXGroup;
			children = (
				78C015121C7BACF2009C382C /* Plugin_Render.mm */,
				78C015131C7BACF2009C382C /* Plugin_Render.h */,
				78E2E7C81C7B859400B5A91A /* DataFile.h */,
				78E2E7C91C7B859400B5A91A /* DataTypeDef.h */,
				78E2E7CA1C7B859400B5A91A /* fastBlur.c */,
				78E2E7CB1C7B859400B5A91A /* fastBlur.h */,
				78C015201C7BB7FA009C382C /* FileCache.h */,
				78C015211C7BB7FA009C382C /* FileCache.m */,
				78E2E7CE1C7B859400B5A91A /* fileOutput.c */,
				78E2E7CF1C7B859400B5A91A /* fileOutput.h */,
				78E2E7D01C7B859400B5A91A /* ImageProcess.h */,
				78E2E7D11C7B859400B5A91A /* ImageProcess.m */,
				78E2E7D21C7B859400B5A91A /* pb_render.c */,
				78E2E7D31C7B859400B5A91A /* pb_render.h */,
				78C0150A1C7B9165009C382C /* Renderer.h */,
				78C0150B1C7B9165009C382C /* Renderer.m */,
				78C0150D1C7B91F4009C382C /* Utilities.h */,
				78C0150E1C7B91F4009C382C /* Utilities.m */,
			);
			path = Renderer;
			sourceTree = "<group>";
		};
		C4C535EA535B43828A23B836 /* Pods */ = {
			isa = PBXGroup;
			children = (
				72FDE293A2423CFDAC10758C /* Pods-PlasticBullet.debug.xcconfig */,
				2334246BEB39A7EFB887843E /* Pods-PlasticBullet.release.xcconfig */,
			);
			name = Pods;
			sourceTree = "<group>";
		};
/* End PBXGroup section */

/* Begin PBXNativeTarget section */
		78B6A2491C76780500AE58F7 /* Plastic Bullet */ = {
			isa = PBXNativeTarget;
			buildConfigurationList = 78B6A25C1C76780500AE58F7 /* Build configuration list for PBXNativeTarget "Plastic Bullet" */;
			buildPhases = (
				176A0F38D2845A6873322EE6 /* Check Pods Manifest.lock */,
				78B6A2461C76780500AE58F7 /* Sources */,
				78B6A2471C76780500AE58F7 /* Frameworks */,
				78B6A2481C76780500AE58F7 /* Resources */,
				A5AE32186FB3240C63F15030 /* Embed Pods Frameworks */,
				880C4B3F615DF643A2600EFB /* Copy Pods Resources */,
			);
			buildRules = (
			);
			dependencies = (
			);
			name = "Plastic Bullet";
			productName = PlasticBullet;
			productReference = 78B6A24A1C76780500AE58F7 /* Plastic Bullet.app */;
			productType = "com.apple.product-type.application";
		};
/* End PBXNativeTarget section */

/* Begin PBXProject section */
		78B6A2421C76780500AE58F7 /* Project object */ = {
			isa = PBXProject;
			attributes = {
				LastSwiftUpdateCheck = 0720;
				LastUpgradeCheck = 0720;
				ORGANIZATIONNAME = JustStartGo;
				TargetAttributes = {
					78B6A2491C76780500AE58F7 = {
						CreatedOnToolsVersion = 7.2.1;
						DevelopmentTeam = G8R2KJ59DE;
					};
				};
			};
			buildConfigurationList = 78B6A2451C76780500AE58F7 /* Build configuration list for PBXProject "PlasticBullet" */;
			compatibilityVersion = "Xcode 3.2";
			developmentRegion = English;
			hasScannedForEncodings = 0;
			knownRegions = (
				en,
				Base,
			);
			mainGroup = 78B6A2411C76780500AE58F7;
			productRefGroup = 78B6A24B1C76780500AE58F7 /* Products */;
			projectDirPath = "";
			projectRoot = "";
			targets = (
				78B6A2491C76780500AE58F7 /* Plastic Bullet */,
			);
		};
/* End PBXProject section */

/* Begin PBXResourcesBuildPhase section */
		78B6A2481C76780500AE58F7 /* Resources */ = {
			isa = PBXResourcesBuildPhase;
			buildActionMask = 2147483647;
			files = (
				78E2E7751C7B7FA200B5A91A /* flexBorders_02_bp1_edge_00005.png in Resources */,
				78982FCC1CC9377B004B7703 /* Launch.storyboard in Resources */,
				78E2E7531C7B7FA200B5A91A /* flexBorders_01_bp1_edge_00001.png in Resources */,
				78E2E7641C7B7FA200B5A91A /* flexBorders_01_smooth_edge_00008.png in Resources */,
				78E2E7351C7B7FA200B5A91A /* flexBorders_00_bp1_edge_00001.png in Resources */,
				78E2E75F1C7B7FA200B5A91A /* flexBorders_01_smooth_edge_00003.png in Resources */,
				78E2E7651C7B7FA200B5A91A /* flexBorders_01_smooth_edge_00009.png in Resources */,
				78E2E7391C7B7FA200B5A91A /* flexBorders_00_bp1_edge_00005.png in Resources */,
				78E2E77D1C7B7FA200B5A91A /* flexBorders_02_smooth_edge_00003.png in Resources */,
				78982FCA1CC924C2004B7703 /* sample-bg.png in Resources */,
				78E2E74B1C7B7FA200B5A91A /* flexBorders_00_soft_edge_00003.png in Resources */,
				78E2E7681C7B7FA200B5A91A /* flexBorders_01_soft_edge_00002.png in Resources */,
				78E2E7861C7B7FA200B5A91A /* flexBorders_02_soft_edge_00002.png in Resources */,
				78982FC81CC92295004B7703 /* Splash.storyboard in Resources */,
				78E2E73E1C7B7FA200B5A91A /* flexBorders_00_smooth_edge_00000.png in Resources */,
				78E2E78C1C7B7FA200B5A91A /* flexBorders_02_soft_edge_00008.png in Resources */,
				78E2E7301C7B7FA200B5A91A /* border_1600x1200px.png in Resources */,
				78E2E7511C7B7FA200B5A91A /* flexBorders_00_soft_edge_00009.png in Resources */,
				78E2E7971C7B7FA200B5A91A /* sqrVignette_2304x1728px.png in Resources */,
				78E2E79A1C7B7FA200B5A91A /* sqrVignette_4000x3000px.png in Resources */,
				78E2E74A1C7B7FA200B5A91A /* flexBorders_00_soft_edge_00002.png in Resources */,
				78E2E7721C7B7FA200B5A91A /* flexBorders_02_bp1_edge_00002.png in Resources */,
				78E2E7671C7B7FA200B5A91A /* flexBorders_01_soft_edge_00001.png in Resources */,
				78E2E7621C7B7FA200B5A91A /* flexBorders_01_smooth_edge_00006.png in Resources */,
				78E2E7761C7B7FA200B5A91A /* flexBorders_02_bp1_edge_00006.png in Resources */,
				78E2E7411C7B7FA200B5A91A /* flexBorders_00_smooth_edge_00003.png in Resources */,
				78E2E7851C7B7FA200B5A91A /* flexBorders_02_soft_edge_00001.png in Resources */,
				78E2E7401C7B7FA200B5A91A /* flexBorders_00_smooth_edge_00002.png in Resources */,
				78E2E79D1C7B7FA200B5A91A /* sqrVignetteBody_450x80px.png in Resources */,
				78E2E7891C7B7FA200B5A91A /* flexBorders_02_soft_edge_00005.png in Resources */,
				78E2E78E1C7B7FA200B5A91A /* iPhone4uncontrastLUT.png in Resources */,
				78E2E79E1C7B7FA200B5A91A /* sqrVignetteSide_450x80px.png in Resources */,
				78E2E7931C7B7FA200B5A91A /* leaks_420x2100px.png in Resources */,
				78E2E7881C7B7FA200B5A91A /* flexBorders_02_soft_edge_00004.png in Resources */,
				78E2E7471C7B7FA200B5A91A /* flexBorders_00_smooth_edge_00009.png in Resources */,
				78E2E7911C7B7FA200B5A91A /* leaks_210x1050px.png in Resources */,
				78E2E77A1C7B7FA200B5A91A /* flexBorders_02_smooth_edge_00000.png in Resources */,
				78E2E7461C7B7FA200B5A91A /* flexBorders_00_smooth_edge_00008.png in Resources */,
				78E2E78B1C7B7FA200B5A91A /* flexBorders_02_soft_edge_00007.png in Resources */,
				78E2E7521C7B7FA200B5A91A /* flexBorders_01_bp1_edge_00000.png in Resources */,
				78E2E77E1C7B7FA200B5A91A /* flexBorders_02_smooth_edge_00004.png in Resources */,
				78E2E7A31C7B7FA200B5A91A /* vigArt_400x300px.png in Resources */,
				78E2E76A1C7B7FA200B5A91A /* flexBorders_01_soft_edge_00004.png in Resources */,
				78E2E7691C7B7FA200B5A91A /* flexBorders_01_soft_edge_00003.png in Resources */,
				78E2E7A11C7B7FA200B5A91A /* vigArt_200x150px.png in Resources */,
				78E2E75E1C7B7FA200B5A91A /* flexBorders_01_smooth_edge_00002.png in Resources */,
				78E2E7821C7B7FA200B5A91A /* flexBorders_02_smooth_edge_00008.png in Resources */,
				78E2E7731C7B7FA200B5A91A /* flexBorders_02_bp1_edge_00003.png in Resources */,
				78F697B21CCA7E9C000EA042 /* splash-images in Resources */,
				78E2E78A1C7B7FA200B5A91A /* flexBorders_02_soft_edge_00006.png in Resources */,
				78A3DF761C7E0CE000C757BD /* Settings.bundle in Resources */,
				78E2E7371C7B7FA200B5A91A /* flexBorders_00_bp1_edge_00003.png in Resources */,
				78E2E7811C7B7FA200B5A91A /* flexBorders_02_smooth_edge_00007.png in Resources */,
				78E2E73C1C7B7FA200B5A91A /* flexBorders_00_bp1_edge_00008.png in Resources */,
				78E2E7631C7B7FA200B5A91A /* flexBorders_01_smooth_edge_00007.png in Resources */,
				78E2E7801C7B7FA200B5A91A /* flexBorders_02_smooth_edge_00006.png in Resources */,
				78E2E79C1C7B7FA200B5A91A /* sqrVignette_864x1152px.png in Resources */,
				78E2E7441C7B7FA200B5A91A /* flexBorders_00_smooth_edge_00006.png in Resources */,
				78E2E78D1C7B7FA200B5A91A /* flexBorders_02_soft_edge_00009.png in Resources */,
				78E2E7571C7B7FA200B5A91A /* flexBorders_01_bp1_edge_00005.png in Resources */,
				78E2E72F1C7B7FA200B5A91A /* border_1536x2048px.png in Resources */,
				78E2E76F1C7B7FA200B5A91A /* flexBorders_01_soft_edge_00009.png in Resources */,
				78E2E7501C7B7FA200B5A91A /* flexBorders_00_soft_edge_00008.png in Resources */,
				78E2E7601C7B7FA200B5A91A /* flexBorders_01_smooth_edge_00004.png in Resources */,
				78E2E76D1C7B7FA200B5A91A /* flexBorders_01_soft_edge_00007.png in Resources */,
				78E2E76B1C7B7FA200B5A91A /* flexBorders_01_soft_edge_00005.png in Resources */,
				78E2E76C1C7B7FA200B5A91A /* flexBorders_01_soft_edge_00006.png in Resources */,
				78E2E75A1C7B7FA200B5A91A /* flexBorders_01_bp1_edge_00008.png in Resources */,
				78E2E74D1C7B7FA200B5A91A /* flexBorders_00_soft_edge_00005.png in Resources */,
				78E2E7611C7B7FA200B5A91A /* flexBorders_01_smooth_edge_00005.png in Resources */,
				78E2E75D1C7B7FA200B5A91A /* flexBorders_01_smooth_edge_00001.png in Resources */,
				78E2E7781C7B7FA200B5A91A /* flexBorders_02_bp1_edge_00008.png in Resources */,
				78E2E7321C7B7FA200B5A91A /* border_600x800px.png in Resources */,
				78E2E72E1C7B7FA200B5A91A /* border_1200x1600px.png in Resources */,
				78E2E7901C7B7FA200B5A91A /* leaks_1200x6000px_old.png in Resources */,
				78E2E79F1C7B7FA200B5A91A /* vigArt_100x75px.png in Resources */,
				78E2E7481C7B7FA200B5A91A /* flexBorders_00_soft_edge_00000.png in Resources */,
				78E2E7841C7B7FA200B5A91A /* flexBorders_02_soft_edge_00000.png in Resources */,
				78E2E78F1C7B7FA200B5A91A /* leaks_1200x6000px.png in Resources */,
				78E2E7311C7B7FA200B5A91A /* border_2048x1536px.png in Resources */,
				78E2E77B1C7B7FA200B5A91A /* flexBorders_02_smooth_edge_00001.png in Resources */,
				78E2E7741C7B7FA200B5A91A /* flexBorders_02_bp1_edge_00004.png in Resources */,
				78E2E7431C7B7FA200B5A91A /* flexBorders_00_smooth_edge_00005.png in Resources */,
				78E2E7551C7B7FA200B5A91A /* flexBorders_01_bp1_edge_00003.png in Resources */,
				78E2E74E1C7B7FA200B5A91A /* flexBorders_00_soft_edge_00006.png in Resources */,
				78E2E7961C7B7FA200B5A91A /* sqrVignette_1728x2304px.png in Resources */,
				78E2E7A01C7B7FA200B5A91A /* vigArt_150x200px.png in Resources */,
				78E2E7541C7B7FA200B5A91A /* flexBorders_01_bp1_edge_00002.png in Resources */,
				78E2E7A21C7B7FA200B5A91A /* vigArt_300x400px.png in Resources */,
				78E2E7941C7B7FA200B5A91A /* leaks_420x2100px_old.png in Resources */,
				78E2E7591C7B7FA200B5A91A /* flexBorders_01_bp1_edge_00007.png in Resources */,
				78E2E7341C7B7FA200B5A91A /* flexBorders_00_bp1_edge_00000.png in Resources */,
				78E2E7491C7B7FA200B5A91A /* flexBorders_00_soft_edge_00001.png in Resources */,
				78E2E7A41C7B7FA200B5A91A /* vigArt_75x100px.png in Resources */,
				78E2E7701C7B7FA200B5A91A /* flexBorders_02_bp1_edge_00000.png in Resources */,
				78E2E7791C7B7FA200B5A91A /* flexBorders_02_bp1_edge_00009.png in Resources */,
				78E2E77C1C7B7FA200B5A91A /* flexBorders_02_smooth_edge_00002.png in Resources */,
				78E2E7421C7B7FA200B5A91A /* flexBorders_00_smooth_edge_00004.png in Resources */,
				78E2E7771C7B7FA200B5A91A /* flexBorders_02_bp1_edge_00007.png in Resources */,
				78982FCE1CC93E6F004B7703 /* Image.storyboard in Resources */,
				78E2E7921C7B7FA200B5A91A /* leaks_210x1050px_old.png in Resources */,
				78E2E77F1C7B7FA200B5A91A /* flexBorders_02_smooth_edge_00005.png in Resources */,
				78E2E7561C7B7FA200B5A91A /* flexBorders_01_bp1_edge_00004.png in Resources */,
				78E2E7871C7B7FA200B5A91A /* flexBorders_02_soft_edge_00003.png in Resources */,
				78E2E73A1C7B7FA200B5A91A /* flexBorders_00_bp1_edge_00006.png in Resources */,
				78E2E73B1C7B7FA200B5A91A /* flexBorders_00_bp1_edge_00007.png in Resources */,
				78B6A2551C76780500AE58F7 /* Assets.xcassets in Resources */,
				78B6A2531C76780500AE58F7 /* Main.storyboard in Resources */,
				78E2E7831C7B7FA200B5A91A /* flexBorders_02_smooth_edge_00009.png in Resources */,
				78E2E76E1C7B7FA200B5A91A /* flexBorders_01_soft_edge_00008.png in Resources */,
				78E2E75C1C7B7FA200B5A91A /* flexBorders_01_smooth_edge_00000.png in Resources */,
				78E2E75B1C7B7FA200B5A91A /* flexBorders_01_bp1_edge_00009.png in Resources */,
				78E2E7581C7B7FA200B5A91A /* flexBorders_01_bp1_edge_00006.png in Resources */,
				78E2E7981C7B7FA200B5A91A /* sqrVignette_3000x4000px.png in Resources */,
				78E2E7711C7B7FA200B5A91A /* flexBorders_02_bp1_edge_00001.png in Resources */,
				78E2E7951C7B7FA200B5A91A /* sqrVignette_1152x864px.png in Resources */,
				78E2E74F1C7B7FA200B5A91A /* flexBorders_00_soft_edge_00007.png in Resources */,
				78E2E7361C7B7FA200B5A91A /* flexBorders_00_bp1_edge_00002.png in Resources */,
				78E2E7991C7B7FA200B5A91A /* sqrVignette_338x450px.png in Resources */,
				78E2E7381C7B7FA200B5A91A /* flexBorders_00_bp1_edge_00004.png in Resources */,
				78E2E7451C7B7FA200B5A91A /* flexBorders_00_smooth_edge_00007.png in Resources */,
				78E2E7661C7B7FA200B5A91A /* flexBorders_01_soft_edge_00000.png in Resources */,
				78E2E74C1C7B7FA200B5A91A /* flexBorders_00_soft_edge_00004.png in Resources */,
				78E2E73D1C7B7FA200B5A91A /* flexBorders_00_bp1_edge_00009.png in Resources */,
				78E2E7331C7B7FA200B5A91A /* border_800x600px.png in Resources */,
				78E2E73F1C7B7FA200B5A91A /* flexBorders_00_smooth_edge_00001.png in Resources */,
				78E2E79B1C7B7FA200B5A91A /* sqrVignette_450x338px.png in Resources */,
			);
			runOnlyForDeploymentPostprocessing = 0;
		};
/* End PBXResourcesBuildPhase section */

/* Begin PBXShellScriptBuildPhase section */
		176A0F38D2845A6873322EE6 /* Check Pods Manifest.lock */ = {
			isa = PBXShellScriptBuildPhase;
			buildActionMask = 2147483647;
			files = (
			);
			inputPaths = (
			);
			name = "Check Pods Manifest.lock";
			outputPaths = (
			);
			runOnlyForDeploymentPostprocessing = 0;
			shellPath = /bin/sh;
			shellScript = "diff \"${PODS_ROOT}/../Podfile.lock\" \"${PODS_ROOT}/Manifest.lock\" > /dev/null\nif [[ $? != 0 ]] ; then\n    cat << EOM\nerror: The sandbox is not in sync with the Podfile.lock. Run 'pod install' or update your CocoaPods installation.\nEOM\n    exit 1\nfi\n";
			showEnvVarsInLog = 0;
		};
		880C4B3F615DF643A2600EFB /* Copy Pods Resources */ = {
			isa = PBXShellScriptBuildPhase;
			buildActionMask = 2147483647;
			files = (
			);
			inputPaths = (
			);
			name = "Copy Pods Resources";
			outputPaths = (
			);
			runOnlyForDeploymentPostprocessing = 0;
			shellPath = /bin/sh;
			shellScript = "\"${SRCROOT}/Pods/Target Support Files/Pods-PlasticBullet/Pods-PlasticBullet-resources.sh\"\n";
			showEnvVarsInLog = 0;
		};
		A5AE32186FB3240C63F15030 /* Embed Pods Frameworks */ = {
			isa = PBXShellScriptBuildPhase;
			buildActionMask = 2147483647;
			files = (
			);
			inputPaths = (
			);
			name = "Embed Pods Frameworks";
			outputPaths = (
			);
			runOnlyForDeploymentPostprocessing = 0;
			shellPath = /bin/sh;
			shellScript = "\"${SRCROOT}/Pods/Target Support Files/Pods-PlasticBullet/Pods-PlasticBullet-frameworks.sh\"\n";
			showEnvVarsInLog = 0;
		};
/* End PBXShellScriptBuildPhase section */

/* Begin PBXSourcesBuildPhase section */
		78B6A2461C76780500AE58F7 /* Sources */ = {
			isa = PBXSourcesBuildPhase;
			buildActionMask = 2147483647;
			files = (
				787396671C84C2BB005F5E4B /* GridLayout.swift in Sources */,
				78C015221C7BB7FA009C382C /* FileCache.m in Sources */,
				787396691C84CB73005F5E4B /* FilterGridView.swift in Sources */,
				78E2E7D81C7B859400B5A91A /* fileOutput.c in Sources */,
				78E2E6B31C7B780300B5A91A /* NavigationController.swift in Sources */,
				78B6A2501C76780500AE58F7 /* SplashViewController.swift in Sources */,
				78C015141C7BACF2009C382C /* Plugin_Render.mm in Sources */,
				78C0151F1C7BB739009C382C /* mojoViewController.mm in Sources */,
				78C015251C7BBB0B009C382C /* mojoAppDelegate.m in Sources */,
				7881D5941C78EDC9000255F9 /* InfoViewController.swift in Sources */,
				78B6A24E1C76780500AE58F7 /* AppDelegate.swift in Sources */,
				7881D5961C78F7C4000255F9 /* ImageViewController.swift in Sources */,
				78E2E7D91C7B859400B5A91A /* ImageProcess.m in Sources */,
				782B81DB1CC537D1005E30BC /* ImageMetadata.swift in Sources */,
				78E2E7D61C7B859400B5A91A /* fastBlur.c in Sources */,
				78E2E6B51C7B7C1100B5A91A /* Style.swift in Sources */,
				78C0150C1C7B9165009C382C /* Renderer.m in Sources */,
				78F697B41CCA80CD000EA042 /* AppState.swift in Sources */,
				78F278651C9713DA00287042 /* ImageActivityItemProvider.swift in Sources */,
				78E2E7A81C7B80D100B5A91A /* FilterView.swift in Sources */,
				78C0150F1C7B91F4009C382C /* Utilities.m in Sources */,
				78E2E7DA1C7B859400B5A91A /* pb_render.c in Sources */,
			);
			runOnlyForDeploymentPostprocessing = 0;
		};
/* End PBXSourcesBuildPhase section */

/* Begin PBXVariantGroup section */
		78B6A2511C76780500AE58F7 /* Main.storyboard */ = {
			isa = PBXVariantGroup;
			children = (
				78B6A2521C76780500AE58F7 /* Base */,
			);
			name = Main.storyboard;
			sourceTree = "<group>";
		};
/* End PBXVariantGroup section */

/* Begin XCBuildConfiguration section */
		78B6A25A1C76780500AE58F7 /* Debug */ = {
			isa = XCBuildConfiguration;
			buildSettings = {
				ALWAYS_SEARCH_USER_PATHS = NO;
				CLANG_CXX_LANGUAGE_STANDARD = "gnu++0x";
				CLANG_CXX_LIBRARY = "libc++";
				CLANG_ENABLE_MODULES = YES;
				CLANG_ENABLE_OBJC_ARC = YES;
				CLANG_WARN_BOOL_CONVERSION = YES;
				CLANG_WARN_CONSTANT_CONVERSION = YES;
				CLANG_WARN_DIRECT_OBJC_ISA_USAGE = YES_ERROR;
				CLANG_WARN_EMPTY_BODY = YES;
				CLANG_WARN_ENUM_CONVERSION = YES;
				CLANG_WARN_INT_CONVERSION = YES;
				CLANG_WARN_OBJC_ROOT_CLASS = YES_ERROR;
				CLANG_WARN_UNREACHABLE_CODE = YES;
				CLANG_WARN__DUPLICATE_METHOD_MATCH = YES;
				"CODE_SIGN_IDENTITY[sdk=iphoneos*]" = "iPhone Developer";
				COPY_PHASE_STRIP = NO;
				DEBUG_INFORMATION_FORMAT = dwarf;
				ENABLE_STRICT_OBJC_MSGSEND = YES;
				ENABLE_TESTABILITY = YES;
				GCC_C_LANGUAGE_STANDARD = gnu99;
				GCC_DYNAMIC_NO_PIC = NO;
				GCC_NO_COMMON_BLOCKS = YES;
				GCC_OPTIMIZATION_LEVEL = 0;
				GCC_PREPROCESSOR_DEFINITIONS = (
					"DEBUG=1",
					"$(inherited)",
				);
				GCC_WARN_64_TO_32_BIT_CONVERSION = YES;
				GCC_WARN_ABOUT_RETURN_TYPE = YES_ERROR;
				GCC_WARN_UNDECLARED_SELECTOR = YES;
				GCC_WARN_UNINITIALIZED_AUTOS = YES_AGGRESSIVE;
				GCC_WARN_UNUSED_FUNCTION = YES;
				GCC_WARN_UNUSED_VARIABLE = YES;
				IPHONEOS_DEPLOYMENT_TARGET = 9.2;
				MTL_ENABLE_DEBUG_INFO = YES;
				ONLY_ACTIVE_ARCH = YES;
				SDKROOT = iphoneos;
				SWIFT_OPTIMIZATION_LEVEL = "-Onone";
				TARGETED_DEVICE_FAMILY = "1,2";
			};
			name = Debug;
		};
		78B6A25B1C76780500AE58F7 /* Release */ = {
			isa = XCBuildConfiguration;
			buildSettings = {
				ALWAYS_SEARCH_USER_PATHS = NO;
				CLANG_CXX_LANGUAGE_STANDARD = "gnu++0x";
				CLANG_CXX_LIBRARY = "libc++";
				CLANG_ENABLE_MODULES = YES;
				CLANG_ENABLE_OBJC_ARC = YES;
				CLANG_WARN_BOOL_CONVERSION = YES;
				CLANG_WARN_CONSTANT_CONVERSION = YES;
				CLANG_WARN_DIRECT_OBJC_ISA_USAGE = YES_ERROR;
				CLANG_WARN_EMPTY_BODY = YES;
				CLANG_WARN_ENUM_CONVERSION = YES;
				CLANG_WARN_INT_CONVERSION = YES;
				CLANG_WARN_OBJC_ROOT_CLASS = YES_ERROR;
				CLANG_WARN_UNREACHABLE_CODE = YES;
				CLANG_WARN__DUPLICATE_METHOD_MATCH = YES;
				"CODE_SIGN_IDENTITY[sdk=iphoneos*]" = "iPhone Developer";
				COPY_PHASE_STRIP = NO;
				DEBUG_INFORMATION_FORMAT = "dwarf-with-dsym";
				ENABLE_NS_ASSERTIONS = NO;
				ENABLE_STRICT_OBJC_MSGSEND = YES;
				GCC_C_LANGUAGE_STANDARD = gnu99;
				GCC_NO_COMMON_BLOCKS = YES;
				GCC_WARN_64_TO_32_BIT_CONVERSION = YES;
				GCC_WARN_ABOUT_RETURN_TYPE = YES_ERROR;
				GCC_WARN_UNDECLARED_SELECTOR = YES;
				GCC_WARN_UNINITIALIZED_AUTOS = YES_AGGRESSIVE;
				GCC_WARN_UNUSED_FUNCTION = YES;
				GCC_WARN_UNUSED_VARIABLE = YES;
				IPHONEOS_DEPLOYMENT_TARGET = 9.2;
				MTL_ENABLE_DEBUG_INFO = NO;
				SDKROOT = iphoneos;
				TARGETED_DEVICE_FAMILY = "1,2";
				VALIDATE_PRODUCT = YES;
			};
			name = Release;
		};
		78B6A25D1C76780500AE58F7 /* Debug */ = {
			isa = XCBuildConfiguration;
			baseConfigurationReference = 72FDE293A2423CFDAC10758C /* Pods-PlasticBullet.debug.xcconfig */;
			buildSettings = {
				ASSETCATALOG_COMPILER_APPICON_NAME = AppIcon;
				CLANG_ENABLE_MODULES = YES;
				CODE_SIGN_IDENTITY = "iPhone Developer";
				"CODE_SIGN_IDENTITY[sdk=iphoneos*]" = "iPhone Developer";
				INFOPLIST_FILE = PlasticBullet/Info.plist;
				LD_RUNPATH_SEARCH_PATHS = "$(inherited) @executable_path/Frameworks";
				PRODUCT_BUNDLE_IDENTIFIER = com.redgiantsoftware.iphone.plasticbullet;
				PRODUCT_NAME = "$(TARGET_NAME)";
				PROVISIONING_PROFILE = "";
				SWIFT_OBJC_BRIDGING_HEADER = "PlasticBullet/PlasticBullet-Bridging-Header.h";
				SWIFT_OPTIMIZATION_LEVEL = "-Onone";
				TARGETED_DEVICE_FAMILY = "1,2";
			};
			name = Debug;
		};
		78B6A25E1C76780500AE58F7 /* Release */ = {
			isa = XCBuildConfiguration;
			baseConfigurationReference = 2334246BEB39A7EFB887843E /* Pods-PlasticBullet.release.xcconfig */;
			buildSettings = {
				ASSETCATALOG_COMPILER_APPICON_NAME = AppIcon;
				CLANG_ENABLE_MODULES = YES;
				CODE_SIGN_IDENTITY = "iPhone Developer";
				"CODE_SIGN_IDENTITY[sdk=iphoneos*]" = "iPhone Developer";
				INFOPLIST_FILE = PlasticBullet/Info.plist;
				LD_RUNPATH_SEARCH_PATHS = "$(inherited) @executable_path/Frameworks";
				PRODUCT_BUNDLE_IDENTIFIER = com.redgiantsoftware.iphone.plasticbullet;
				PRODUCT_NAME = "$(TARGET_NAME)";
				PROVISIONING_PROFILE = "";
				SWIFT_OBJC_BRIDGING_HEADER = "PlasticBullet/PlasticBullet-Bridging-Header.h";
				TARGETED_DEVICE_FAMILY = "1,2";
			};
			name = Release;
		};
/* End XCBuildConfiguration section */

/* Begin XCConfigurationList section */
		78B6A2451C76780500AE58F7 /* Build configuration list for PBXProject "PlasticBullet" */ = {
			isa = XCConfigurationList;
			buildConfigurations = (
				78B6A25A1C76780500AE58F7 /* Debug */,
				78B6A25B1C76780500AE58F7 /* Release */,
			);
			defaultConfigurationIsVisible = 0;
			defaultConfigurationName = Release;
		};
		78B6A25C1C76780500AE58F7 /* Build configuration list for PBXNativeTarget "Plastic Bullet" */ = {
			isa = XCConfigurationList;
			buildConfigurations = (
				78B6A25D1C76780500AE58F7 /* Debug */,
				78B6A25E1C76780500AE58F7 /* Release */,
			);
			defaultConfigurationIsVisible = 0;
			defaultConfigurationName = Release;
		};
/* End XCConfigurationList section */
	};
	rootObject = 78B6A2421C76780500AE58F7 /* Project object */;
}
